// !$*UTF8*$!
{
	archiveVersion = 1;
	classes = {
	};
	objectVersion = 50;
	objects = {

/* Begin PBXBuildFile section */
		6001C77D240EB69E006092BB /* JTDataManager.m in Sources */ = {isa = PBXBuildFile; fileRef = 6001C77C240EB69E006092BB /* JTDataManager.m */; };
		6001C780240EB6C4006092BB /* JTUserManager.m in Sources */ = {isa = PBXBuildFile; fileRef = 6001C77F240EB6C4006092BB /* JTUserManager.m */; };
		6001C784240EB6FD006092BB /* JTCoreUtil.m in Sources */ = {isa = PBXBuildFile; fileRef = 6001C783240EB6FD006092BB /* JTCoreUtil.m */; };
		6001C788240EB738006092BB /* JTCommon.m in Sources */ = {isa = PBXBuildFile; fileRef = 6001C787240EB738006092BB /* JTCommon.m */; };
		60D03C90240FF99600E7D7D1 /* launch_image@2x.png in Resources */ = {isa = PBXBuildFile; fileRef = 60D03C8F240FF99600E7D7D1 /* launch_image@2x.png */; };
		60D03C93240FF9F100E7D7D1 /* JTLoginHomeController.m in Sources */ = {isa = PBXBuildFile; fileRef = 60D03C92240FF9F100E7D7D1 /* JTLoginHomeController.m */; };
		60D03C96240FFA9900E7D7D1 /* JTUser.m in Sources */ = {isa = PBXBuildFile; fileRef = 60D03C95240FFA9900E7D7D1 /* JTUser.m */; };
		60D03C99240FFE9400E7D7D1 /* JTLoginHeaderView.m in Sources */ = {isa = PBXBuildFile; fileRef = 60D03C98240FFE9400E7D7D1 /* JTLoginHeaderView.m */; };
		60D03C9C2410046600E7D7D1 /* SCLoginTextFieldCell.m in Sources */ = {isa = PBXBuildFile; fileRef = 60D03C9B2410046600E7D7D1 /* SCLoginTextFieldCell.m */; };
		60D03C9F241004A800E7D7D1 /* login_icon_code@2x.png in Resources */ = {isa = PBXBuildFile; fileRef = 60D03C9D241004A800E7D7D1 /* login_icon_code@2x.png */; };
		60D03CA0241004A800E7D7D1 /* login_icon_phone@2x.png in Resources */ = {isa = PBXBuildFile; fileRef = 60D03C9E241004A800E7D7D1 /* login_icon_phone@2x.png */; };
		60D03CAA241012DF00E7D7D1 /* login_password_see@2x.png in Resources */ = {isa = PBXBuildFile; fileRef = 60D03CA7241012DF00E7D7D1 /* login_password_see@2x.png */; };
		60D03CAB241012DF00E7D7D1 /* login_password_unsee@2x.png in Resources */ = {isa = PBXBuildFile; fileRef = 60D03CA8241012DF00E7D7D1 /* login_password_unsee@2x.png */; };
		60D03CAC241012DF00E7D7D1 /* login_password_close@2x.png in Resources */ = {isa = PBXBuildFile; fileRef = 60D03CA9241012DF00E7D7D1 /* login_password_close@2x.png */; };
		60D03CAE241015F100E7D7D1 /* logo_jtbang@2x.png in Resources */ = {isa = PBXBuildFile; fileRef = 60D03CAD241015F100E7D7D1 /* logo_jtbang@2x.png */; };
		60D03CB02410172700E7D7D1 /* login_header_bg@2x.jpg in Resources */ = {isa = PBXBuildFile; fileRef = 60D03CAF2410172700E7D7D1 /* login_header_bg@2x.jpg */; };
		60E2B0FD240ED5D800E4EA52 /* CCCommentStarView.m in Sources */ = {isa = PBXBuildFile; fileRef = 60E2B09F240ED5D800E4EA52 /* CCCommentStarView.m */; };
		60E2B0FE240ED5D800E4EA52 /* BPOnePixLineView.m in Sources */ = {isa = PBXBuildFile; fileRef = 60E2B0A2240ED5D800E4EA52 /* BPOnePixLineView.m */; };
		60E2B0FF240ED5D800E4EA52 /* DTLoadMoreCommonCell.m in Sources */ = {isa = PBXBuildFile; fileRef = 60E2B0A5240ED5D800E4EA52 /* DTLoadMoreCommonCell.m */; };
		60E2B100240ED5D800E4EA52 /* DTTableButtonCell.m in Sources */ = {isa = PBXBuildFile; fileRef = 60E2B0A9240ED5D800E4EA52 /* DTTableButtonCell.m */; };
		60E2B101240ED5D800E4EA52 /* DTDrivingLoadingView.m in Sources */ = {isa = PBXBuildFile; fileRef = 60E2B0AA240ED5D800E4EA52 /* DTDrivingLoadingView.m */; };
		60E2B102240ED5D800E4EA52 /* DTControl.m in Sources */ = {isa = PBXBuildFile; fileRef = 60E2B0AC240ED5D800E4EA52 /* DTControl.m */; };
		60E2B103240ED5D800E4EA52 /* CLDatePickerView.m in Sources */ = {isa = PBXBuildFile; fileRef = 60E2B0AE240ED5D800E4EA52 /* CLDatePickerView.m */; };
		60E2B104240ED5D800E4EA52 /* DTUISegmentView.m in Sources */ = {isa = PBXBuildFile; fileRef = 60E2B0AF240ED5D800E4EA52 /* DTUISegmentView.m */; };
		60E2B105240ED5D800E4EA52 /* CLTitleTabView.m in Sources */ = {isa = PBXBuildFile; fileRef = 60E2B0B0240ED5D800E4EA52 /* CLTitleTabView.m */; };
		60E2B106240ED5D800E4EA52 /* CLAlertView.m in Sources */ = {isa = PBXBuildFile; fileRef = 60E2B0B1240ED5D800E4EA52 /* CLAlertView.m */; };
		60E2B107240ED5D800E4EA52 /* DTControllerListView.m in Sources */ = {isa = PBXBuildFile; fileRef = 60E2B0B2240ED5D800E4EA52 /* DTControllerListView.m */; };
		60E2B108240ED5D800E4EA52 /* DTStrokeLabel.m in Sources */ = {isa = PBXBuildFile; fileRef = 60E2B0B5240ED5D800E4EA52 /* DTStrokeLabel.m */; };
		60E2B109240ED5D800E4EA52 /* DTScrollListViewCell.m in Sources */ = {isa = PBXBuildFile; fileRef = 60E2B0B8240ED5D800E4EA52 /* DTScrollListViewCell.m */; };
		60E2B10A240ED5D800E4EA52 /* DTBadgeView.m in Sources */ = {isa = PBXBuildFile; fileRef = 60E2B0B9240ED5D800E4EA52 /* DTBadgeView.m */; };
		60E2B10B240ED5D800E4EA52 /* DTButton.m in Sources */ = {isa = PBXBuildFile; fileRef = 60E2B0BB240ED5D800E4EA52 /* DTButton.m */; };
		60E2B10C240ED5D800E4EA52 /* DTEnrollProgressView.m in Sources */ = {isa = PBXBuildFile; fileRef = 60E2B0BC240ED5D800E4EA52 /* DTEnrollProgressView.m */; };
		60E2B10D240ED5D800E4EA52 /* DTGradientLabel.m in Sources */ = {isa = PBXBuildFile; fileRef = 60E2B0BE240ED5D800E4EA52 /* DTGradientLabel.m */; };
		60E2B10E240ED5D800E4EA52 /* DTNoDataView.m in Sources */ = {isa = PBXBuildFile; fileRef = 60E2B0BF240ED5D800E4EA52 /* DTNoDataView.m */; };
		60E2B10F240ED5D800E4EA52 /* DTScrollLabel.m in Sources */ = {isa = PBXBuildFile; fileRef = 60E2B0C0240ED5D800E4EA52 /* DTScrollLabel.m */; };
		60E2B110240ED5D800E4EA52 /* DTPickerView.m in Sources */ = {isa = PBXBuildFile; fileRef = 60E2B0C2240ED5D800E4EA52 /* DTPickerView.m */; };
		60E2B111240ED5D800E4EA52 /* DTTabScorllContentCell.m in Sources */ = {isa = PBXBuildFile; fileRef = 60E2B0C5240ED5D800E4EA52 /* DTTabScorllContentCell.m */; };
		60E2B112240ED5D800E4EA52 /* DTTabBarView.m in Sources */ = {isa = PBXBuildFile; fileRef = 60E2B0C6240ED5D800E4EA52 /* DTTabBarView.m */; };
		60E2B113240ED5D800E4EA52 /* DTTableCustomCell.m in Sources */ = {isa = PBXBuildFile; fileRef = 60E2B0C7240ED5D800E4EA52 /* DTTableCustomCell.m */; };
		60E2B114240ED5D800E4EA52 /* DTScrollTabView.m in Sources */ = {isa = PBXBuildFile; fileRef = 60E2B0CA240ED5D800E4EA52 /* DTScrollTabView.m */; };
		60E2B115240ED5D800E4EA52 /* DTHorizontalScrollView.m in Sources */ = {isa = PBXBuildFile; fileRef = 60E2B0CB240ED5D800E4EA52 /* DTHorizontalScrollView.m */; };
		60E2B116240ED5D800E4EA52 /* DTPullRefreshHeadView.m in Sources */ = {isa = PBXBuildFile; fileRef = 60E2B0CD240ED5D800E4EA52 /* DTPullRefreshHeadView.m */; };
		60E2B117240ED5D800E4EA52 /* DTTagLabel.m in Sources */ = {isa = PBXBuildFile; fileRef = 60E2B0D0240ED5D800E4EA52 /* DTTagLabel.m */; };
		60E2B118240ED5D800E4EA52 /* DTTabItem.m in Sources */ = {isa = PBXBuildFile; fileRef = 60E2B0D5240ED5D800E4EA52 /* DTTabItem.m */; };
		60E2B119240ED5D800E4EA52 /* DTTitleIconItem.m in Sources */ = {isa = PBXBuildFile; fileRef = 60E2B0D6240ED5D800E4EA52 /* DTTitleIconItem.m */; };
		60E2B11A240ED5D800E4EA52 /* DTHttpRefreshLoadMoreTableController.m in Sources */ = {isa = PBXBuildFile; fileRef = 60E2B0D9240ED5D800E4EA52 /* DTHttpRefreshLoadMoreTableController.m */; };
		60E2B11B240ED5D800E4EA52 /* DTHttpRefreshTableController.m in Sources */ = {isa = PBXBuildFile; fileRef = 60E2B0DF240ED5D800E4EA52 /* DTHttpRefreshTableController.m */; };
		60E2B11C240ED5D800E4EA52 /* DTTabViewController.m in Sources */ = {isa = PBXBuildFile; fileRef = 60E2B0E0240ED5D800E4EA52 /* DTTabViewController.m */; };
		60E2B11D240ED5D800E4EA52 /* DTTableController.m in Sources */ = {isa = PBXBuildFile; fileRef = 60E2B0E2240ED5D800E4EA52 /* DTTableController.m */; };
		60E2B11E240ED5D800E4EA52 /* DTNavigationController.m in Sources */ = {isa = PBXBuildFile; fileRef = 60E2B0E3240ED5D800E4EA52 /* DTNavigationController.m */; };
		60E2B11F240ED5D800E4EA52 /* DTHttpRefreshInsetTabController.m in Sources */ = {isa = PBXBuildFile; fileRef = 60E2B0E4240ED5D800E4EA52 /* DTHttpRefreshInsetTabController.m */; };
		60E2B120240ED5D800E4EA52 /* DTPagesController.m in Sources */ = {isa = PBXBuildFile; fileRef = 60E2B0E7240ED5D800E4EA52 /* DTPagesController.m */; };
		60E2B121240ED5D800E4EA52 /* DTHttpTableController.m in Sources */ = {isa = PBXBuildFile; fileRef = 60E2B0E8240ED5D800E4EA52 /* DTHttpTableController.m */; };
		60E2B122240ED5D800E4EA52 /* DTViewController.m in Sources */ = {isa = PBXBuildFile; fileRef = 60E2B0E9240ED5D800E4EA52 /* DTViewController.m */; };
		60E2B123240ED5D800E4EA52 /* DTHttpLoadMoreTableController.m in Sources */ = {isa = PBXBuildFile; fileRef = 60E2B0EC240ED5D800E4EA52 /* DTHttpLoadMoreTableController.m */; };
		60E2B124240ED5D800E4EA52 /* WCMethodUtil.m in Sources */ = {isa = PBXBuildFile; fileRef = 60E2B0EE240ED5D800E4EA52 /* WCMethodUtil.m */; };
		60E2B125240ED5D800E4EA52 /* CWStaticImageManager.m in Sources */ = {isa = PBXBuildFile; fileRef = 60E2B0F4240ED5D800E4EA52 /* CWStaticImageManager.m */; };
		60E2B126240ED5D800E4EA52 /* FFAnimateHelper.m in Sources */ = {isa = PBXBuildFile; fileRef = 60E2B0F5240ED5D800E4EA52 /* FFAnimateHelper.m */; };
		60E2B127240ED5D800E4EA52 /* DTPubUtil.m in Sources */ = {isa = PBXBuildFile; fileRef = 60E2B0F6240ED5D800E4EA52 /* DTPubUtil.m */; };
		60E2B128240ED5D800E4EA52 /* WCAppStyleUtil.m in Sources */ = {isa = PBXBuildFile; fileRef = 60E2B0F9240ED5D800E4EA52 /* WCAppStyleUtil.m */; };
		60E2B129240ED5D800E4EA52 /* WCControllerUtil.m in Sources */ = {isa = PBXBuildFile; fileRef = 60E2B0FA240ED5D800E4EA52 /* WCControllerUtil.m */; };
		60E2B12A240ED5D800E4EA52 /* WCBarItemUtil.m in Sources */ = {isa = PBXBuildFile; fileRef = 60E2B0FB240ED5D800E4EA52 /* WCBarItemUtil.m */; };
		60E2B147240ED6AF00E4EA52 /* JTMainController.m in Sources */ = {isa = PBXBuildFile; fileRef = 60E2B146240ED6AF00E4EA52 /* JTMainController.m */; };
		60E2B2B7240FE58100E4EA52 /* BPAppDelegate.m in Sources */ = {isa = PBXBuildFile; fileRef = 60E2B2B5240FE58100E4EA52 /* BPAppDelegate.m */; };
		60ED762A240EB25A0013CB8C /* AppDelegate.m in Sources */ = {isa = PBXBuildFile; fileRef = 60ED7629240EB25A0013CB8C /* AppDelegate.m */; };
		60ED7630240EB25A0013CB8C /* Main.storyboard in Resources */ = {isa = PBXBuildFile; fileRef = 60ED762E240EB25A0013CB8C /* Main.storyboard */; };
		60ED7632240EB25B0013CB8C /* Assets.xcassets in Resources */ = {isa = PBXBuildFile; fileRef = 60ED7631240EB25B0013CB8C /* Assets.xcassets */; };
		60ED7635240EB25B0013CB8C /* LaunchScreen.storyboard in Resources */ = {isa = PBXBuildFile; fileRef = 60ED7633240EB25B0013CB8C /* LaunchScreen.storyboard */; };
		60ED7638240EB25B0013CB8C /* main.m in Sources */ = {isa = PBXBuildFile; fileRef = 60ED7637240EB25B0013CB8C /* main.m */; };
		D2068D9F20BB2156C5736722 /* Pods_JuTuanLife.framework in Frameworks */ = {isa = PBXBuildFile; fileRef = 87291E484A5B51B2A86BD0CE /* Pods_JuTuanLife.framework */; };
/* End PBXBuildFile section */

/* Begin PBXFileReference section */
		22D0A58BFCB7D41C914AE223 /* Pods-JuTuanLife.debug.xcconfig */ = {isa = PBXFileReference; includeInIndex = 1; lastKnownFileType = text.xcconfig; name = "Pods-JuTuanLife.debug.xcconfig"; path = "Target Support Files/Pods-JuTuanLife/Pods-JuTuanLife.debug.xcconfig"; sourceTree = "<group>"; };
		252ACCD2D3E36346102AC1B4 /* Pods-JuTuanLife.release.xcconfig */ = {isa = PBXFileReference; includeInIndex = 1; lastKnownFileType = text.xcconfig; name = "Pods-JuTuanLife.release.xcconfig"; path = "Target Support Files/Pods-JuTuanLife/Pods-JuTuanLife.release.xcconfig"; sourceTree = "<group>"; };
		6001C60A240EB54F006092BB /* JTDefine.h */ = {isa = PBXFileReference; lastKnownFileType = sourcecode.c.h; path = JTDefine.h; sourceTree = "<group>"; };
		6001C60B240EB56A006092BB /* JTAPPKey.h */ = {isa = PBXFileReference; lastKnownFileType = sourcecode.c.h; path = JTAPPKey.h; sourceTree = "<group>"; };
		6001C779240EB5F0006092BB /* JTConstants.h */ = {isa = PBXFileReference; lastKnownFileType = sourcecode.c.h; path = JTConstants.h; sourceTree = "<group>"; };
		6001C77B240EB69E006092BB /* JTDataManager.h */ = {isa = PBXFileReference; lastKnownFileType = sourcecode.c.h; path = JTDataManager.h; sourceTree = "<group>"; };
		6001C77C240EB69E006092BB /* JTDataManager.m */ = {isa = PBXFileReference; lastKnownFileType = sourcecode.c.objc; path = JTDataManager.m; sourceTree = "<group>"; };
		6001C77E240EB6C4006092BB /* JTUserManager.h */ = {isa = PBXFileReference; lastKnownFileType = sourcecode.c.h; path = JTUserManager.h; sourceTree = "<group>"; };
		6001C77F240EB6C4006092BB /* JTUserManager.m */ = {isa = PBXFileReference; lastKnownFileType = sourcecode.c.objc; path = JTUserManager.m; sourceTree = "<group>"; };
		6001C782240EB6FD006092BB /* JTCoreUtil.h */ = {isa = PBXFileReference; lastKnownFileType = sourcecode.c.h; path = JTCoreUtil.h; sourceTree = "<group>"; };
		6001C783240EB6FD006092BB /* JTCoreUtil.m */ = {isa = PBXFileReference; lastKnownFileType = sourcecode.c.objc; path = JTCoreUtil.m; sourceTree = "<group>"; };
		6001C786240EB738006092BB /* JTCommon.h */ = {isa = PBXFileReference; lastKnownFileType = sourcecode.c.h; path = JTCommon.h; sourceTree = "<group>"; };
		6001C787240EB738006092BB /* JTCommon.m */ = {isa = PBXFileReference; lastKnownFileType = sourcecode.c.objc; path = JTCommon.m; sourceTree = "<group>"; };
		6001C7A0240EBA1D006092BB /* JuTuanLife-Prefix.pch */ = {isa = PBXFileReference; lastKnownFileType = sourcecode.c.h; path = "JuTuanLife-Prefix.pch"; sourceTree = "<group>"; };
		60D03C8F240FF99600E7D7D1 /* launch_image@2x.png */ = {isa = PBXFileReference; lastKnownFileType = image.png; path = "launch_image@2x.png"; sourceTree = "<group>"; };
		60D03C91240FF9F100E7D7D1 /* JTLoginHomeController.h */ = {isa = PBXFileReference; lastKnownFileType = sourcecode.c.h; path = JTLoginHomeController.h; sourceTree = "<group>"; };
		60D03C92240FF9F100E7D7D1 /* JTLoginHomeController.m */ = {isa = PBXFileReference; lastKnownFileType = sourcecode.c.objc; path = JTLoginHomeController.m; sourceTree = "<group>"; };
		60D03C94240FFA9900E7D7D1 /* JTUser.h */ = {isa = PBXFileReference; lastKnownFileType = sourcecode.c.h; path = JTUser.h; sourceTree = "<group>"; };
		60D03C95240FFA9900E7D7D1 /* JTUser.m */ = {isa = PBXFileReference; lastKnownFileType = sourcecode.c.objc; path = JTUser.m; sourceTree = "<group>"; };
		60D03C97240FFE9400E7D7D1 /* JTLoginHeaderView.h */ = {isa = PBXFileReference; lastKnownFileType = sourcecode.c.h; path = JTLoginHeaderView.h; sourceTree = "<group>"; };
		60D03C98240FFE9400E7D7D1 /* JTLoginHeaderView.m */ = {isa = PBXFileReference; lastKnownFileType = sourcecode.c.objc; path = JTLoginHeaderView.m; sourceTree = "<group>"; };
		60D03C9A2410046600E7D7D1 /* SCLoginTextFieldCell.h */ = {isa = PBXFileReference; fileEncoding = 4; lastKnownFileType = sourcecode.c.h; path = SCLoginTextFieldCell.h; sourceTree = "<group>"; };
		60D03C9B2410046600E7D7D1 /* SCLoginTextFieldCell.m */ = {isa = PBXFileReference; fileEncoding = 4; lastKnownFileType = sourcecode.c.objc; path = SCLoginTextFieldCell.m; sourceTree = "<group>"; };
		60D03C9D241004A800E7D7D1 /* login_icon_code@2x.png */ = {isa = PBXFileReference; lastKnownFileType = image.png; path = "login_icon_code@2x.png"; sourceTree = "<group>"; };
		60D03C9E241004A800E7D7D1 /* login_icon_phone@2x.png */ = {isa = PBXFileReference; lastKnownFileType = image.png; path = "login_icon_phone@2x.png"; sourceTree = "<group>"; };
		60D03CA7241012DF00E7D7D1 /* login_password_see@2x.png */ = {isa = PBXFileReference; lastKnownFileType = image.png; path = "login_password_see@2x.png"; sourceTree = "<group>"; };
		60D03CA8241012DF00E7D7D1 /* login_password_unsee@2x.png */ = {isa = PBXFileReference; lastKnownFileType = image.png; path = "login_password_unsee@2x.png"; sourceTree = "<group>"; };
		60D03CA9241012DF00E7D7D1 /* login_password_close@2x.png */ = {isa = PBXFileReference; lastKnownFileType = image.png; path = "login_password_close@2x.png"; sourceTree = "<group>"; };
		60D03CAD241015F100E7D7D1 /* logo_jtbang@2x.png */ = {isa = PBXFileReference; lastKnownFileType = image.png; path = "logo_jtbang@2x.png"; sourceTree = "<group>"; };
		60D03CAF2410172700E7D7D1 /* login_header_bg@2x.jpg */ = {isa = PBXFileReference; lastKnownFileType = image.jpeg; path = "login_header_bg@2x.jpg"; sourceTree = "<group>"; };
		60E2B09A240ED5D800E4EA52 /* WCBaseUIKit.h */ = {isa = PBXFileReference; fileEncoding = 4; lastKnownFileType = sourcecode.c.h; path = WCBaseUIKit.h; sourceTree = "<group>"; };
		60E2B09C240ED5D800E4EA52 /* DTScrollLabel.h */ = {isa = PBXFileReference; fileEncoding = 4; lastKnownFileType = sourcecode.c.h; path = DTScrollLabel.h; sourceTree = "<group>"; };
		60E2B09D240ED5D800E4EA52 /* DTGradientLabel.h */ = {isa = PBXFileReference; fileEncoding = 4; lastKnownFileType = sourcecode.c.h; path = DTGradientLabel.h; sourceTree = "<group>"; };
		60E2B09E240ED5D800E4EA52 /* DTNoDataView.h */ = {isa = PBXFileReference; fileEncoding = 4; lastKnownFileType = sourcecode.c.h; path = DTNoDataView.h; sourceTree = "<group>"; };
		60E2B09F240ED5D800E4EA52 /* CCCommentStarView.m */ = {isa = PBXFileReference; fileEncoding = 4; lastKnownFileType = sourcecode.c.objc; path = CCCommentStarView.m; sourceTree = "<group>"; };
		60E2B0A0240ED5D800E4EA52 /* DTEnrollProgressView.h */ = {isa = PBXFileReference; fileEncoding = 4; lastKnownFileType = sourcecode.c.h; path = DTEnrollProgressView.h; sourceTree = "<group>"; };
		60E2B0A1240ED5D800E4EA52 /* DTButton.h */ = {isa = PBXFileReference; fileEncoding = 4; lastKnownFileType = sourcecode.c.h; path = DTButton.h; sourceTree = "<group>"; };
		60E2B0A2240ED5D800E4EA52 /* BPOnePixLineView.m */ = {isa = PBXFileReference; fileEncoding = 4; lastKnownFileType = sourcecode.c.objc; path = BPOnePixLineView.m; sourceTree = "<group>"; };
		60E2B0A3240ED5D800E4EA52 /* DTScrollListViewCell.h */ = {isa = PBXFileReference; fileEncoding = 4; lastKnownFileType = sourcecode.c.h; path = DTScrollListViewCell.h; sourceTree = "<group>"; };
		60E2B0A4240ED5D800E4EA52 /* DTBadgeView.h */ = {isa = PBXFileReference; fileEncoding = 4; lastKnownFileType = sourcecode.c.h; path = DTBadgeView.h; sourceTree = "<group>"; };
		60E2B0A5240ED5D800E4EA52 /* DTLoadMoreCommonCell.m */ = {isa = PBXFileReference; fileEncoding = 4; lastKnownFileType = sourcecode.c.objc; path = DTLoadMoreCommonCell.m; sourceTree = "<group>"; };
		60E2B0A6240ED5D800E4EA52 /* DTTableCustomCell.h */ = {isa = PBXFileReference; fileEncoding = 4; lastKnownFileType = sourcecode.c.h; path = DTTableCustomCell.h; sourceTree = "<group>"; };
		60E2B0A7240ED5D800E4EA52 /* DTTabBarView.h */ = {isa = PBXFileReference; fileEncoding = 4; lastKnownFileType = sourcecode.c.h; path = DTTabBarView.h; sourceTree = "<group>"; };
		60E2B0A8240ED5D800E4EA52 /* DTTabScorllContentCell.h */ = {isa = PBXFileReference; fileEncoding = 4; lastKnownFileType = sourcecode.c.h; path = DTTabScorllContentCell.h; sourceTree = "<group>"; };
		60E2B0A9240ED5D800E4EA52 /* DTTableButtonCell.m */ = {isa = PBXFileReference; fileEncoding = 4; lastKnownFileType = sourcecode.c.objc; path = DTTableButtonCell.m; sourceTree = "<group>"; };
		60E2B0AA240ED5D800E4EA52 /* DTDrivingLoadingView.m */ = {isa = PBXFileReference; fileEncoding = 4; lastKnownFileType = sourcecode.c.objc; path = DTDrivingLoadingView.m; sourceTree = "<group>"; };
		60E2B0AB240ED5D800E4EA52 /* DTPickerView.h */ = {isa = PBXFileReference; fileEncoding = 4; lastKnownFileType = sourcecode.c.h; path = DTPickerView.h; sourceTree = "<group>"; };
		60E2B0AC240ED5D800E4EA52 /* DTControl.m */ = {isa = PBXFileReference; fileEncoding = 4; lastKnownFileType = sourcecode.c.objc; path = DTControl.m; sourceTree = "<group>"; };
		60E2B0AD240ED5D800E4EA52 /* DTScrollTabView.h */ = {isa = PBXFileReference; fileEncoding = 4; lastKnownFileType = sourcecode.c.h; path = DTScrollTabView.h; sourceTree = "<group>"; };
		60E2B0AE240ED5D800E4EA52 /* CLDatePickerView.m */ = {isa = PBXFileReference; fileEncoding = 4; lastKnownFileType = sourcecode.c.objc; path = CLDatePickerView.m; sourceTree = "<group>"; };
		60E2B0AF240ED5D800E4EA52 /* DTUISegmentView.m */ = {isa = PBXFileReference; fileEncoding = 4; lastKnownFileType = sourcecode.c.objc; path = DTUISegmentView.m; sourceTree = "<group>"; };
		60E2B0B0240ED5D800E4EA52 /* CLTitleTabView.m */ = {isa = PBXFileReference; fileEncoding = 4; lastKnownFileType = sourcecode.c.objc; path = CLTitleTabView.m; sourceTree = "<group>"; };
		60E2B0B1240ED5D800E4EA52 /* CLAlertView.m */ = {isa = PBXFileReference; fileEncoding = 4; lastKnownFileType = sourcecode.c.objc; path = CLAlertView.m; sourceTree = "<group>"; };
		60E2B0B2240ED5D800E4EA52 /* DTControllerListView.m */ = {isa = PBXFileReference; fileEncoding = 4; lastKnownFileType = sourcecode.c.objc; path = DTControllerListView.m; sourceTree = "<group>"; };
		60E2B0B3240ED5D800E4EA52 /* DTTagLabel.h */ = {isa = PBXFileReference; fileEncoding = 4; lastKnownFileType = sourcecode.c.h; path = DTTagLabel.h; sourceTree = "<group>"; };
		60E2B0B4240ED5D800E4EA52 /* DTPullRefreshHeadView.h */ = {isa = PBXFileReference; fileEncoding = 4; lastKnownFileType = sourcecode.c.h; path = DTPullRefreshHeadView.h; sourceTree = "<group>"; };
		60E2B0B5240ED5D800E4EA52 /* DTStrokeLabel.m */ = {isa = PBXFileReference; fileEncoding = 4; lastKnownFileType = sourcecode.c.objc; path = DTStrokeLabel.m; sourceTree = "<group>"; };
		60E2B0B6240ED5D800E4EA52 /* DTHorizontalScrollView.h */ = {isa = PBXFileReference; fileEncoding = 4; lastKnownFileType = sourcecode.c.h; path = DTHorizontalScrollView.h; sourceTree = "<group>"; };
		60E2B0B7240ED5D800E4EA52 /* DTLoadMoreCommonCell.h */ = {isa = PBXFileReference; fileEncoding = 4; lastKnownFileType = sourcecode.c.h; path = DTLoadMoreCommonCell.h; sourceTree = "<group>"; };
		60E2B0B8240ED5D800E4EA52 /* DTScrollListViewCell.m */ = {isa = PBXFileReference; fileEncoding = 4; lastKnownFileType = sourcecode.c.objc; path = DTScrollListViewCell.m; sourceTree = "<group>"; };
		60E2B0B9240ED5D800E4EA52 /* DTBadgeView.m */ = {isa = PBXFileReference; fileEncoding = 4; lastKnownFileType = sourcecode.c.objc; path = DTBadgeView.m; sourceTree = "<group>"; };
		60E2B0BA240ED5D800E4EA52 /* BPOnePixLineView.h */ = {isa = PBXFileReference; fileEncoding = 4; lastKnownFileType = sourcecode.c.h; path = BPOnePixLineView.h; sourceTree = "<group>"; };
		60E2B0BB240ED5D800E4EA52 /* DTButton.m */ = {isa = PBXFileReference; fileEncoding = 4; lastKnownFileType = sourcecode.c.objc; path = DTButton.m; sourceTree = "<group>"; };
		60E2B0BC240ED5D800E4EA52 /* DTEnrollProgressView.m */ = {isa = PBXFileReference; fileEncoding = 4; lastKnownFileType = sourcecode.c.objc; path = DTEnrollProgressView.m; sourceTree = "<group>"; };
		60E2B0BD240ED5D800E4EA52 /* CCCommentStarView.h */ = {isa = PBXFileReference; fileEncoding = 4; lastKnownFileType = sourcecode.c.h; path = CCCommentStarView.h; sourceTree = "<group>"; };
		60E2B0BE240ED5D800E4EA52 /* DTGradientLabel.m */ = {isa = PBXFileReference; fileEncoding = 4; lastKnownFileType = sourcecode.c.objc; path = DTGradientLabel.m; sourceTree = "<group>"; };
		60E2B0BF240ED5D800E4EA52 /* DTNoDataView.m */ = {isa = PBXFileReference; fileEncoding = 4; lastKnownFileType = sourcecode.c.objc; path = DTNoDataView.m; sourceTree = "<group>"; };
		60E2B0C0240ED5D800E4EA52 /* DTScrollLabel.m */ = {isa = PBXFileReference; fileEncoding = 4; lastKnownFileType = sourcecode.c.objc; path = DTScrollLabel.m; sourceTree = "<group>"; };
		60E2B0C1240ED5D800E4EA52 /* DTControl.h */ = {isa = PBXFileReference; fileEncoding = 4; lastKnownFileType = sourcecode.c.h; path = DTControl.h; sourceTree = "<group>"; };
		60E2B0C2240ED5D800E4EA52 /* DTPickerView.m */ = {isa = PBXFileReference; fileEncoding = 4; lastKnownFileType = sourcecode.c.objc; path = DTPickerView.m; sourceTree = "<group>"; };
		60E2B0C3240ED5D800E4EA52 /* DTTableButtonCell.h */ = {isa = PBXFileReference; fileEncoding = 4; lastKnownFileType = sourcecode.c.h; path = DTTableButtonCell.h; sourceTree = "<group>"; };
		60E2B0C4240ED5D800E4EA52 /* DTDrivingLoadingView.h */ = {isa = PBXFileReference; fileEncoding = 4; lastKnownFileType = sourcecode.c.h; path = DTDrivingLoadingView.h; sourceTree = "<group>"; };
		60E2B0C5240ED5D800E4EA52 /* DTTabScorllContentCell.m */ = {isa = PBXFileReference; fileEncoding = 4; lastKnownFileType = sourcecode.c.objc; path = DTTabScorllContentCell.m; sourceTree = "<group>"; };
		60E2B0C6240ED5D800E4EA52 /* DTTabBarView.m */ = {isa = PBXFileReference; fileEncoding = 4; lastKnownFileType = sourcecode.c.objc; path = DTTabBarView.m; sourceTree = "<group>"; };
		60E2B0C7240ED5D800E4EA52 /* DTTableCustomCell.m */ = {isa = PBXFileReference; fileEncoding = 4; lastKnownFileType = sourcecode.c.objc; path = DTTableCustomCell.m; sourceTree = "<group>"; };
		60E2B0C8240ED5D800E4EA52 /* DTUISegmentView.h */ = {isa = PBXFileReference; fileEncoding = 4; lastKnownFileType = sourcecode.c.h; path = DTUISegmentView.h; sourceTree = "<group>"; };
		60E2B0C9240ED5D800E4EA52 /* CLDatePickerView.h */ = {isa = PBXFileReference; fileEncoding = 4; lastKnownFileType = sourcecode.c.h; path = CLDatePickerView.h; sourceTree = "<group>"; };
		60E2B0CA240ED5D800E4EA52 /* DTScrollTabView.m */ = {isa = PBXFileReference; fileEncoding = 4; lastKnownFileType = sourcecode.c.objc; path = DTScrollTabView.m; sourceTree = "<group>"; };
		60E2B0CB240ED5D800E4EA52 /* DTHorizontalScrollView.m */ = {isa = PBXFileReference; fileEncoding = 4; lastKnownFileType = sourcecode.c.objc; path = DTHorizontalScrollView.m; sourceTree = "<group>"; };
		60E2B0CC240ED5D800E4EA52 /* DTStrokeLabel.h */ = {isa = PBXFileReference; fileEncoding = 4; lastKnownFileType = sourcecode.c.h; path = DTStrokeLabel.h; sourceTree = "<group>"; };
		60E2B0CD240ED5D800E4EA52 /* DTPullRefreshHeadView.m */ = {isa = PBXFileReference; fileEncoding = 4; lastKnownFileType = sourcecode.c.objc; path = DTPullRefreshHeadView.m; sourceTree = "<group>"; };
		60E2B0CE240ED5D800E4EA52 /* CLAlertView.h */ = {isa = PBXFileReference; fileEncoding = 4; lastKnownFileType = sourcecode.c.h; path = CLAlertView.h; sourceTree = "<group>"; };
		60E2B0CF240ED5D800E4EA52 /* DTControllerListView.h */ = {isa = PBXFileReference; fileEncoding = 4; lastKnownFileType = sourcecode.c.h; path = DTControllerListView.h; sourceTree = "<group>"; };
		60E2B0D0240ED5D800E4EA52 /* DTTagLabel.m */ = {isa = PBXFileReference; fileEncoding = 4; lastKnownFileType = sourcecode.c.objc; path = DTTagLabel.m; sourceTree = "<group>"; };
		60E2B0D1240ED5D800E4EA52 /* CLTitleTabView.h */ = {isa = PBXFileReference; fileEncoding = 4; lastKnownFileType = sourcecode.c.h; path = CLTitleTabView.h; sourceTree = "<group>"; };
		60E2B0D3240ED5D800E4EA52 /* DTTabItem.h */ = {isa = PBXFileReference; fileEncoding = 4; lastKnownFileType = sourcecode.c.h; path = DTTabItem.h; sourceTree = "<group>"; };
		60E2B0D4240ED5D800E4EA52 /* DTTitleIconItem.h */ = {isa = PBXFileReference; fileEncoding = 4; lastKnownFileType = sourcecode.c.h; path = DTTitleIconItem.h; sourceTree = "<group>"; };
		60E2B0D5240ED5D800E4EA52 /* DTTabItem.m */ = {isa = PBXFileReference; fileEncoding = 4; lastKnownFileType = sourcecode.c.objc; path = DTTabItem.m; sourceTree = "<group>"; };
		60E2B0D6240ED5D800E4EA52 /* DTTitleIconItem.m */ = {isa = PBXFileReference; fileEncoding = 4; lastKnownFileType = sourcecode.c.objc; path = DTTitleIconItem.m; sourceTree = "<group>"; };
		60E2B0D9240ED5D800E4EA52 /* DTHttpRefreshLoadMoreTableController.m */ = {isa = PBXFileReference; fileEncoding = 4; lastKnownFileType = sourcecode.c.objc; path = DTHttpRefreshLoadMoreTableController.m; sourceTree = "<group>"; };
		60E2B0DA240ED5D800E4EA52 /* DTHttpRefreshInsetTabController.h */ = {isa = PBXFileReference; fileEncoding = 4; lastKnownFileType = sourcecode.c.h; path = DTHttpRefreshInsetTabController.h; sourceTree = "<group>"; };
		60E2B0DB240ED5D800E4EA52 /* DTNavigationController.h */ = {isa = PBXFileReference; fileEncoding = 4; lastKnownFileType = sourcecode.c.h; path = DTNavigationController.h; sourceTree = "<group>"; };
		60E2B0DC240ED5D800E4EA52 /* DTHttpTableController.h */ = {isa = PBXFileReference; fileEncoding = 4; lastKnownFileType = sourcecode.c.h; path = DTHttpTableController.h; sourceTree = "<group>"; };
		60E2B0DD240ED5D800E4EA52 /* DTViewController.h */ = {isa = PBXFileReference; fileEncoding = 4; lastKnownFileType = sourcecode.c.h; path = DTViewController.h; sourceTree = "<group>"; };
		60E2B0DE240ED5D800E4EA52 /* DTPagesController.h */ = {isa = PBXFileReference; fileEncoding = 4; lastKnownFileType = sourcecode.c.h; path = DTPagesController.h; sourceTree = "<group>"; };
		60E2B0DF240ED5D800E4EA52 /* DTHttpRefreshTableController.m */ = {isa = PBXFileReference; fileEncoding = 4; lastKnownFileType = sourcecode.c.objc; path = DTHttpRefreshTableController.m; sourceTree = "<group>"; };
		60E2B0E0240ED5D800E4EA52 /* DTTabViewController.m */ = {isa = PBXFileReference; fileEncoding = 4; lastKnownFileType = sourcecode.c.objc; path = DTTabViewController.m; sourceTree = "<group>"; };
		60E2B0E1240ED5D800E4EA52 /* DTHttpLoadMoreTableController.h */ = {isa = PBXFileReference; fileEncoding = 4; lastKnownFileType = sourcecode.c.h; path = DTHttpLoadMoreTableController.h; sourceTree = "<group>"; };
		60E2B0E2240ED5D800E4EA52 /* DTTableController.m */ = {isa = PBXFileReference; fileEncoding = 4; lastKnownFileType = sourcecode.c.objc; path = DTTableController.m; sourceTree = "<group>"; };
		60E2B0E3240ED5D800E4EA52 /* DTNavigationController.m */ = {isa = PBXFileReference; fileEncoding = 4; lastKnownFileType = sourcecode.c.objc; path = DTNavigationController.m; sourceTree = "<group>"; };
		60E2B0E4240ED5D800E4EA52 /* DTHttpRefreshInsetTabController.m */ = {isa = PBXFileReference; fileEncoding = 4; lastKnownFileType = sourcecode.c.objc; path = DTHttpRefreshInsetTabController.m; sourceTree = "<group>"; };
		60E2B0E5240ED5D800E4EA52 /* DTHttpRefreshLoadMoreTableController.h */ = {isa = PBXFileReference; fileEncoding = 4; lastKnownFileType = sourcecode.c.h; path = DTHttpRefreshLoadMoreTableController.h; sourceTree = "<group>"; };
		60E2B0E6240ED5D800E4EA52 /* DTHttpRefreshTableController.h */ = {isa = PBXFileReference; fileEncoding = 4; lastKnownFileType = sourcecode.c.h; path = DTHttpRefreshTableController.h; sourceTree = "<group>"; };
		60E2B0E7240ED5D800E4EA52 /* DTPagesController.m */ = {isa = PBXFileReference; fileEncoding = 4; lastKnownFileType = sourcecode.c.objc; path = DTPagesController.m; sourceTree = "<group>"; };
		60E2B0E8240ED5D800E4EA52 /* DTHttpTableController.m */ = {isa = PBXFileReference; fileEncoding = 4; lastKnownFileType = sourcecode.c.objc; path = DTHttpTableController.m; sourceTree = "<group>"; };
		60E2B0E9240ED5D800E4EA52 /* DTViewController.m */ = {isa = PBXFileReference; fileEncoding = 4; lastKnownFileType = sourcecode.c.objc; path = DTViewController.m; sourceTree = "<group>"; };
		60E2B0EA240ED5D800E4EA52 /* DTTabViewController.h */ = {isa = PBXFileReference; fileEncoding = 4; lastKnownFileType = sourcecode.c.h; path = DTTabViewController.h; sourceTree = "<group>"; };
		60E2B0EB240ED5D800E4EA52 /* DTTableController.h */ = {isa = PBXFileReference; fileEncoding = 4; lastKnownFileType = sourcecode.c.h; path = DTTableController.h; sourceTree = "<group>"; };
		60E2B0EC240ED5D800E4EA52 /* DTHttpLoadMoreTableController.m */ = {isa = PBXFileReference; fileEncoding = 4; lastKnownFileType = sourcecode.c.objc; path = DTHttpLoadMoreTableController.m; sourceTree = "<group>"; };
		60E2B0EE240ED5D800E4EA52 /* WCMethodUtil.m */ = {isa = PBXFileReference; fileEncoding = 4; lastKnownFileType = sourcecode.c.objc; path = WCMethodUtil.m; sourceTree = "<group>"; };
		60E2B0EF240ED5D800E4EA52 /* DTPubUtil.h */ = {isa = PBXFileReference; fileEncoding = 4; lastKnownFileType = sourcecode.c.h; path = DTPubUtil.h; sourceTree = "<group>"; };
		60E2B0F0240ED5D800E4EA52 /* FFAnimateHelper.h */ = {isa = PBXFileReference; fileEncoding = 4; lastKnownFileType = sourcecode.c.h; path = FFAnimateHelper.h; sourceTree = "<group>"; };
		60E2B0F1240ED5D800E4EA52 /* WCBarItemUtil.h */ = {isa = PBXFileReference; fileEncoding = 4; lastKnownFileType = sourcecode.c.h; path = WCBarItemUtil.h; sourceTree = "<group>"; };
		60E2B0F2240ED5D800E4EA52 /* WCControllerUtil.h */ = {isa = PBXFileReference; fileEncoding = 4; lastKnownFileType = sourcecode.c.h; path = WCControllerUtil.h; sourceTree = "<group>"; };
		60E2B0F3240ED5D800E4EA52 /* WCAppStyleUtil.h */ = {isa = PBXFileReference; fileEncoding = 4; lastKnownFileType = sourcecode.c.h; path = WCAppStyleUtil.h; sourceTree = "<group>"; };
		60E2B0F4240ED5D800E4EA52 /* CWStaticImageManager.m */ = {isa = PBXFileReference; fileEncoding = 4; lastKnownFileType = sourcecode.c.objc; path = CWStaticImageManager.m; sourceTree = "<group>"; };
		60E2B0F5240ED5D800E4EA52 /* FFAnimateHelper.m */ = {isa = PBXFileReference; fileEncoding = 4; lastKnownFileType = sourcecode.c.objc; path = FFAnimateHelper.m; sourceTree = "<group>"; };
		60E2B0F6240ED5D800E4EA52 /* DTPubUtil.m */ = {isa = PBXFileReference; fileEncoding = 4; lastKnownFileType = sourcecode.c.objc; path = DTPubUtil.m; sourceTree = "<group>"; };
		60E2B0F7240ED5D800E4EA52 /* WCMethodUtil.h */ = {isa = PBXFileReference; fileEncoding = 4; lastKnownFileType = sourcecode.c.h; path = WCMethodUtil.h; sourceTree = "<group>"; };
		60E2B0F8240ED5D800E4EA52 /* WCUICommon.h */ = {isa = PBXFileReference; fileEncoding = 4; lastKnownFileType = sourcecode.c.h; path = WCUICommon.h; sourceTree = "<group>"; };
		60E2B0F9240ED5D800E4EA52 /* WCAppStyleUtil.m */ = {isa = PBXFileReference; fileEncoding = 4; lastKnownFileType = sourcecode.c.objc; path = WCAppStyleUtil.m; sourceTree = "<group>"; };
		60E2B0FA240ED5D800E4EA52 /* WCControllerUtil.m */ = {isa = PBXFileReference; fileEncoding = 4; lastKnownFileType = sourcecode.c.objc; path = WCControllerUtil.m; sourceTree = "<group>"; };
		60E2B0FB240ED5D800E4EA52 /* WCBarItemUtil.m */ = {isa = PBXFileReference; fileEncoding = 4; lastKnownFileType = sourcecode.c.objc; path = WCBarItemUtil.m; sourceTree = "<group>"; };
		60E2B0FC240ED5D800E4EA52 /* CWStaticImageManager.h */ = {isa = PBXFileReference; fileEncoding = 4; lastKnownFileType = sourcecode.c.h; path = CWStaticImageManager.h; sourceTree = "<group>"; };
		60E2B145240ED6AF00E4EA52 /* JTMainController.h */ = {isa = PBXFileReference; lastKnownFileType = sourcecode.c.h; path = JTMainController.h; sourceTree = "<group>"; };
		60E2B146240ED6AF00E4EA52 /* JTMainController.m */ = {isa = PBXFileReference; lastKnownFileType = sourcecode.c.objc; path = JTMainController.m; sourceTree = "<group>"; };
		60E2B2B5240FE58100E4EA52 /* BPAppDelegate.m */ = {isa = PBXFileReference; fileEncoding = 4; lastKnownFileType = sourcecode.c.objc; path = BPAppDelegate.m; sourceTree = "<group>"; };
		60E2B2B6240FE58100E4EA52 /* BPAppDelegate.h */ = {isa = PBXFileReference; fileEncoding = 4; lastKnownFileType = sourcecode.c.h; path = BPAppDelegate.h; sourceTree = "<group>"; };
		60ED7625240EB25A0013CB8C /* JuTuanLife.app */ = {isa = PBXFileReference; explicitFileType = wrapper.application; includeInIndex = 0; path = JuTuanLife.app; sourceTree = BUILT_PRODUCTS_DIR; };
		60ED7628240EB25A0013CB8C /* AppDelegate.h */ = {isa = PBXFileReference; lastKnownFileType = sourcecode.c.h; path = AppDelegate.h; sourceTree = "<group>"; };
		60ED7629240EB25A0013CB8C /* AppDelegate.m */ = {isa = PBXFileReference; lastKnownFileType = sourcecode.c.objc; path = AppDelegate.m; sourceTree = "<group>"; };
		60ED762F240EB25A0013CB8C /* Base */ = {isa = PBXFileReference; lastKnownFileType = file.storyboard; name = Base; path = Base.lproj/Main.storyboard; sourceTree = "<group>"; };
		60ED7631240EB25B0013CB8C /* Assets.xcassets */ = {isa = PBXFileReference; lastKnownFileType = folder.assetcatalog; path = Assets.xcassets; sourceTree = "<group>"; };
		60ED7634240EB25B0013CB8C /* Base */ = {isa = PBXFileReference; lastKnownFileType = file.storyboard; name = Base; path = Base.lproj/LaunchScreen.storyboard; sourceTree = "<group>"; };
		60ED7636240EB25B0013CB8C /* Info.plist */ = {isa = PBXFileReference; lastKnownFileType = text.plist.xml; path = Info.plist; sourceTree = "<group>"; };
		60ED7637240EB25B0013CB8C /* main.m */ = {isa = PBXFileReference; lastKnownFileType = sourcecode.c.objc; path = main.m; sourceTree = "<group>"; };
		87291E484A5B51B2A86BD0CE /* Pods_JuTuanLife.framework */ = {isa = PBXFileReference; explicitFileType = wrapper.framework; includeInIndex = 0; path = Pods_JuTuanLife.framework; sourceTree = BUILT_PRODUCTS_DIR; };
/* End PBXFileReference section */

/* Begin PBXFrameworksBuildPhase section */
		60ED7622240EB25A0013CB8C /* Frameworks */ = {
			isa = PBXFrameworksBuildPhase;
			buildActionMask = 2147483647;
			files = (
				D2068D9F20BB2156C5736722 /* Pods_JuTuanLife.framework in Frameworks */,
			);
			runOnlyForDeploymentPostprocessing = 0;
		};
/* End PBXFrameworksBuildPhase section */

/* Begin PBXGroup section */
		2CA7162FEE8B1DB5CA998BAB /* Frameworks */ = {
			isa = PBXGroup;
			children = (
				87291E484A5B51B2A86BD0CE /* Pods_JuTuanLife.framework */,
			);
			name = Frameworks;
			sourceTree = "<group>";
		};
		52E4E7697BEB7133F1E4828C /* Pods */ = {
			isa = PBXGroup;
			children = (
				22D0A58BFCB7D41C914AE223 /* Pods-JuTuanLife.debug.xcconfig */,
				252ACCD2D3E36346102AC1B4 /* Pods-JuTuanLife.release.xcconfig */,
			);
			path = Pods;
			sourceTree = "<group>";
		};
		6001C609240EB53B006092BB /* Macros */ = {
			isa = PBXGroup;
			children = (
				6001C60B240EB56A006092BB /* JTAPPKey.h */,
				6001C779240EB5F0006092BB /* JTConstants.h */,
				6001C60A240EB54F006092BB /* JTDefine.h */,
			);
			path = Macros;
			sourceTree = "<group>";
		};
		6001C77A240EB68B006092BB /* Manager */ = {
			isa = PBXGroup;
			children = (
				6001C77B240EB69E006092BB /* JTDataManager.h */,
				6001C77C240EB69E006092BB /* JTDataManager.m */,
				6001C77E240EB6C4006092BB /* JTUserManager.h */,
				6001C77F240EB6C4006092BB /* JTUserManager.m */,
			);
			path = Manager;
			sourceTree = "<group>";
		};
		6001C781240EB6E7006092BB /* Tools */ = {
			isa = PBXGroup;
			children = (
				6001C782240EB6FD006092BB /* JTCoreUtil.h */,
				6001C783240EB6FD006092BB /* JTCoreUtil.m */,
			);
			path = Tools;
			sourceTree = "<group>";
		};
		6001C785240EB721006092BB /* Common */ = {
			isa = PBXGroup;
			children = (
				6001C786240EB738006092BB /* JTCommon.h */,
				6001C787240EB738006092BB /* JTCommon.m */,
			);
			path = Common;
			sourceTree = "<group>";
		};
		6001C789240EB755006092BB /* MVC */ = {
			isa = PBXGroup;
			children = (
				6001C791240EB755006092BB /* Main */,
				6001C78A240EB755006092BB /* Mine */,
				6001C797240EB755006092BB /* Login */,
			);
			path = MVC;
			sourceTree = "<group>";
		};
		6001C78A240EB755006092BB /* Mine */ = {
			isa = PBXGroup;
			children = (
			);
			path = Mine;
			sourceTree = "<group>";
		};
		6001C791240EB755006092BB /* Main */ = {
			isa = PBXGroup;
			children = (
				6001C792240EB755006092BB /* Controller */,
				6001C794240EB755006092BB /* Model */,
				6001C795240EB755006092BB /* View */,
				6001C796240EB755006092BB /* Resource */,
			);
			path = Main;
			sourceTree = "<group>";
		};
		6001C792240EB755006092BB /* Controller */ = {
			isa = PBXGroup;
			children = (
				60E2B145240ED6AF00E4EA52 /* JTMainController.h */,
				60E2B146240ED6AF00E4EA52 /* JTMainController.m */,
			);
			path = Controller;
			sourceTree = "<group>";
		};
		6001C794240EB755006092BB /* Model */ = {
			isa = PBXGroup;
			children = (
			);
			path = Model;
			sourceTree = "<group>";
		};
		6001C795240EB755006092BB /* View */ = {
			isa = PBXGroup;
			children = (
			);
			path = View;
			sourceTree = "<group>";
		};
		6001C796240EB755006092BB /* Resource */ = {
			isa = PBXGroup;
			children = (
			);
			path = Resource;
			sourceTree = "<group>";
		};
		6001C797240EB755006092BB /* Login */ = {
			isa = PBXGroup;
			children = (
				6001C798240EB755006092BB /* Controller */,
				6001C79A240EB755006092BB /* Model */,
				6001C79B240EB755006092BB /* View */,
				6001C79C240EB755006092BB /* Resource */,
			);
			path = Login;
			sourceTree = "<group>";
		};
		6001C798240EB755006092BB /* Controller */ = {
			isa = PBXGroup;
			children = (
				60D03C91240FF9F100E7D7D1 /* JTLoginHomeController.h */,
				60D03C92240FF9F100E7D7D1 /* JTLoginHomeController.m */,
			);
			path = Controller;
			sourceTree = "<group>";
		};
		6001C79A240EB755006092BB /* Model */ = {
			isa = PBXGroup;
			children = (
				60D03C94240FFA9900E7D7D1 /* JTUser.h */,
				60D03C95240FFA9900E7D7D1 /* JTUser.m */,
			);
			path = Model;
			sourceTree = "<group>";
		};
		6001C79B240EB755006092BB /* View */ = {
			isa = PBXGroup;
			children = (
				60D03C97240FFE9400E7D7D1 /* JTLoginHeaderView.h */,
				60D03C98240FFE9400E7D7D1 /* JTLoginHeaderView.m */,
				60D03C9A2410046600E7D7D1 /* SCLoginTextFieldCell.h */,
				60D03C9B2410046600E7D7D1 /* SCLoginTextFieldCell.m */,
			);
			path = View;
			sourceTree = "<group>";
		};
		6001C79C240EB755006092BB /* Resource */ = {
			isa = PBXGroup;
			children = (
				60D03CAF2410172700E7D7D1 /* login_header_bg@2x.jpg */,
				60D03CA9241012DF00E7D7D1 /* login_password_close@2x.png */,
				60D03CA7241012DF00E7D7D1 /* login_password_see@2x.png */,
				60D03CA8241012DF00E7D7D1 /* login_password_unsee@2x.png */,
				60D03C9D241004A800E7D7D1 /* login_icon_code@2x.png */,
				60D03C9E241004A800E7D7D1 /* login_icon_phone@2x.png */,
				60D03CAD241015F100E7D7D1 /* logo_jtbang@2x.png */,
			);
			path = Resource;
			sourceTree = "<group>";
		};
		6001C79F240EB95E006092BB /* Base */ = {
			isa = PBXGroup;
			children = (
				60ED7636240EB25B0013CB8C /* Info.plist */,
				6001C7A0240EBA1D006092BB /* JuTuanLife-Prefix.pch */,
				60ED7637240EB25B0013CB8C /* main.m */,
				60D03C8F240FF99600E7D7D1 /* launch_image@2x.png */,
				60ED7633240EB25B0013CB8C /* LaunchScreen.storyboard */,
				60ED762E240EB25A0013CB8C /* Main.storyboard */,
				60ED7631240EB25B0013CB8C /* Assets.xcassets */,
			);
			name = Base;
			sourceTree = "<group>";
		};
		60E2B003240ED59900E4EA52 /* WCBaseUIKit */ = {
			isa = PBXGroup;
			children = (
				60E2B0D8240ED5D800E4EA52 /* Controller */,
				60E2B0D2240ED5D800E4EA52 /* Entity */,
				60E2B0D7240ED5D800E4EA52 /* Resource */,
				60E2B0ED240ED5D800E4EA52 /* Util */,
				60E2B09B240ED5D800E4EA52 /* View */,
				60E2B09A240ED5D800E4EA52 /* WCBaseUIKit.h */,
			);
			path = WCBaseUIKit;
			sourceTree = "<group>";
		};
		60E2B09B240ED5D800E4EA52 /* View */ = {
			isa = PBXGroup;
			children = (
				60E2B09C240ED5D800E4EA52 /* DTScrollLabel.h */,
				60E2B09D240ED5D800E4EA52 /* DTGradientLabel.h */,
				60E2B09E240ED5D800E4EA52 /* DTNoDataView.h */,
				60E2B09F240ED5D800E4EA52 /* CCCommentStarView.m */,
				60E2B0A0240ED5D800E4EA52 /* DTEnrollProgressView.h */,
				60E2B0A1240ED5D800E4EA52 /* DTButton.h */,
				60E2B0A2240ED5D800E4EA52 /* BPOnePixLineView.m */,
				60E2B0A3240ED5D800E4EA52 /* DTScrollListViewCell.h */,
				60E2B0A4240ED5D800E4EA52 /* DTBadgeView.h */,
				60E2B0A5240ED5D800E4EA52 /* DTLoadMoreCommonCell.m */,
				60E2B0A6240ED5D800E4EA52 /* DTTableCustomCell.h */,
				60E2B0A7240ED5D800E4EA52 /* DTTabBarView.h */,
				60E2B0A8240ED5D800E4EA52 /* DTTabScorllContentCell.h */,
				60E2B0A9240ED5D800E4EA52 /* DTTableButtonCell.m */,
				60E2B0AA240ED5D800E4EA52 /* DTDrivingLoadingView.m */,
				60E2B0AB240ED5D800E4EA52 /* DTPickerView.h */,
				60E2B0AC240ED5D800E4EA52 /* DTControl.m */,
				60E2B0AD240ED5D800E4EA52 /* DTScrollTabView.h */,
				60E2B0AE240ED5D800E4EA52 /* CLDatePickerView.m */,
				60E2B0AF240ED5D800E4EA52 /* DTUISegmentView.m */,
				60E2B0B0240ED5D800E4EA52 /* CLTitleTabView.m */,
				60E2B0B1240ED5D800E4EA52 /* CLAlertView.m */,
				60E2B0B2240ED5D800E4EA52 /* DTControllerListView.m */,
				60E2B0B3240ED5D800E4EA52 /* DTTagLabel.h */,
				60E2B0B4240ED5D800E4EA52 /* DTPullRefreshHeadView.h */,
				60E2B0B5240ED5D800E4EA52 /* DTStrokeLabel.m */,
				60E2B0B6240ED5D800E4EA52 /* DTHorizontalScrollView.h */,
				60E2B0B7240ED5D800E4EA52 /* DTLoadMoreCommonCell.h */,
				60E2B0B8240ED5D800E4EA52 /* DTScrollListViewCell.m */,
				60E2B0B9240ED5D800E4EA52 /* DTBadgeView.m */,
				60E2B0BA240ED5D800E4EA52 /* BPOnePixLineView.h */,
				60E2B0BB240ED5D800E4EA52 /* DTButton.m */,
				60E2B0BC240ED5D800E4EA52 /* DTEnrollProgressView.m */,
				60E2B0BD240ED5D800E4EA52 /* CCCommentStarView.h */,
				60E2B0BE240ED5D800E4EA52 /* DTGradientLabel.m */,
				60E2B0BF240ED5D800E4EA52 /* DTNoDataView.m */,
				60E2B0C0240ED5D800E4EA52 /* DTScrollLabel.m */,
				60E2B0C1240ED5D800E4EA52 /* DTControl.h */,
				60E2B0C2240ED5D800E4EA52 /* DTPickerView.m */,
				60E2B0C3240ED5D800E4EA52 /* DTTableButtonCell.h */,
				60E2B0C4240ED5D800E4EA52 /* DTDrivingLoadingView.h */,
				60E2B0C5240ED5D800E4EA52 /* DTTabScorllContentCell.m */,
				60E2B0C6240ED5D800E4EA52 /* DTTabBarView.m */,
				60E2B0C7240ED5D800E4EA52 /* DTTableCustomCell.m */,
				60E2B0C8240ED5D800E4EA52 /* DTUISegmentView.h */,
				60E2B0C9240ED5D800E4EA52 /* CLDatePickerView.h */,
				60E2B0CA240ED5D800E4EA52 /* DTScrollTabView.m */,
				60E2B0CB240ED5D800E4EA52 /* DTHorizontalScrollView.m */,
				60E2B0CC240ED5D800E4EA52 /* DTStrokeLabel.h */,
				60E2B0CD240ED5D800E4EA52 /* DTPullRefreshHeadView.m */,
				60E2B0CE240ED5D800E4EA52 /* CLAlertView.h */,
				60E2B0CF240ED5D800E4EA52 /* DTControllerListView.h */,
				60E2B0D0240ED5D800E4EA52 /* DTTagLabel.m */,
				60E2B0D1240ED5D800E4EA52 /* CLTitleTabView.h */,
			);
			path = View;
			sourceTree = "<group>";
		};
		60E2B0D2240ED5D800E4EA52 /* Entity */ = {
			isa = PBXGroup;
			children = (
				60E2B0D3240ED5D800E4EA52 /* DTTabItem.h */,
				60E2B0D4240ED5D800E4EA52 /* DTTitleIconItem.h */,
				60E2B0D5240ED5D800E4EA52 /* DTTabItem.m */,
				60E2B0D6240ED5D800E4EA52 /* DTTitleIconItem.m */,
			);
			path = Entity;
			sourceTree = "<group>";
		};
		60E2B0D7240ED5D800E4EA52 /* Resource */ = {
			isa = PBXGroup;
			children = (
			);
			path = Resource;
			sourceTree = "<group>";
		};
		60E2B0D8240ED5D800E4EA52 /* Controller */ = {
			isa = PBXGroup;
			children = (
				60E2B0D9240ED5D800E4EA52 /* DTHttpRefreshLoadMoreTableController.m */,
				60E2B0DA240ED5D800E4EA52 /* DTHttpRefreshInsetTabController.h */,
				60E2B0DB240ED5D800E4EA52 /* DTNavigationController.h */,
				60E2B0DC240ED5D800E4EA52 /* DTHttpTableController.h */,
				60E2B0DD240ED5D800E4EA52 /* DTViewController.h */,
				60E2B0DE240ED5D800E4EA52 /* DTPagesController.h */,
				60E2B0DF240ED5D800E4EA52 /* DTHttpRefreshTableController.m */,
				60E2B0E0240ED5D800E4EA52 /* DTTabViewController.m */,
				60E2B0E1240ED5D800E4EA52 /* DTHttpLoadMoreTableController.h */,
				60E2B0E2240ED5D800E4EA52 /* DTTableController.m */,
				60E2B0E3240ED5D800E4EA52 /* DTNavigationController.m */,
				60E2B0E4240ED5D800E4EA52 /* DTHttpRefreshInsetTabController.m */,
				60E2B0E5240ED5D800E4EA52 /* DTHttpRefreshLoadMoreTableController.h */,
				60E2B0E6240ED5D800E4EA52 /* DTHttpRefreshTableController.h */,
				60E2B0E7240ED5D800E4EA52 /* DTPagesController.m */,
				60E2B0E8240ED5D800E4EA52 /* DTHttpTableController.m */,
				60E2B0E9240ED5D800E4EA52 /* DTViewController.m */,
				60E2B0EA240ED5D800E4EA52 /* DTTabViewController.h */,
				60E2B0EB240ED5D800E4EA52 /* DTTableController.h */,
				60E2B0EC240ED5D800E4EA52 /* DTHttpLoadMoreTableController.m */,
			);
			path = Controller;
			sourceTree = "<group>";
		};
		60E2B0ED240ED5D800E4EA52 /* Util */ = {
			isa = PBXGroup;
			children = (
				60E2B2B6240FE58100E4EA52 /* BPAppDelegate.h */,
				60E2B2B5240FE58100E4EA52 /* BPAppDelegate.m */,
				60E2B0EE240ED5D800E4EA52 /* WCMethodUtil.m */,
				60E2B0EF240ED5D800E4EA52 /* DTPubUtil.h */,
				60E2B0F0240ED5D800E4EA52 /* FFAnimateHelper.h */,
				60E2B0F1240ED5D800E4EA52 /* WCBarItemUtil.h */,
				60E2B0F2240ED5D800E4EA52 /* WCControllerUtil.h */,
				60E2B0F3240ED5D800E4EA52 /* WCAppStyleUtil.h */,
				60E2B0F4240ED5D800E4EA52 /* CWStaticImageManager.m */,
				60E2B0F5240ED5D800E4EA52 /* FFAnimateHelper.m */,
				60E2B0F6240ED5D800E4EA52 /* DTPubUtil.m */,
				60E2B0F7240ED5D800E4EA52 /* WCMethodUtil.h */,
				60E2B0F8240ED5D800E4EA52 /* WCUICommon.h */,
				60E2B0F9240ED5D800E4EA52 /* WCAppStyleUtil.m */,
				60E2B0FA240ED5D800E4EA52 /* WCControllerUtil.m */,
				60E2B0FB240ED5D800E4EA52 /* WCBarItemUtil.m */,
				60E2B0FC240ED5D800E4EA52 /* CWStaticImageManager.h */,
			);
			path = Util;
			sourceTree = "<group>";
		};
		60ED761C240EB25A0013CB8C = {
			isa = PBXGroup;
			children = (
				60ED7627240EB25A0013CB8C /* JuTuanLife */,
				60ED7626240EB25A0013CB8C /* Products */,
				52E4E7697BEB7133F1E4828C /* Pods */,
				2CA7162FEE8B1DB5CA998BAB /* Frameworks */,
			);
			sourceTree = "<group>";
		};
		60ED7626240EB25A0013CB8C /* Products */ = {
			isa = PBXGroup;
			children = (
				60ED7625240EB25A0013CB8C /* JuTuanLife.app */,
			);
			name = Products;
			sourceTree = "<group>";
		};
		60ED7627240EB25A0013CB8C /* JuTuanLife */ = {
			isa = PBXGroup;
			children = (
				60E2B003240ED59900E4EA52 /* WCBaseUIKit */,
				60ED7628240EB25A0013CB8C /* AppDelegate.h */,
				60ED7629240EB25A0013CB8C /* AppDelegate.m */,
				6001C79F240EB95E006092BB /* Base */,
				6001C609240EB53B006092BB /* Macros */,
				6001C785240EB721006092BB /* Common */,
				6001C77A240EB68B006092BB /* Manager */,
				6001C781240EB6E7006092BB /* Tools */,
				6001C789240EB755006092BB /* MVC */,
			);
			path = JuTuanLife;
			sourceTree = "<group>";
		};
/* End PBXGroup section */

/* Begin PBXNativeTarget section */
		60ED7624240EB25A0013CB8C /* JuTuanLife */ = {
			isa = PBXNativeTarget;
			buildConfigurationList = 60ED763B240EB25B0013CB8C /* Build configuration list for PBXNativeTarget "JuTuanLife" */;
			buildPhases = (
				6C60D42B4CD2A74C173FFDF7 /* [CP] Check Pods Manifest.lock */,
				60ED7621240EB25A0013CB8C /* Sources */,
				60ED7622240EB25A0013CB8C /* Frameworks */,
				60ED7623240EB25A0013CB8C /* Resources */,
				4EEDD0DF4DB52313366421C5 /* [CP] Embed Pods Frameworks */,
			);
			buildRules = (
			);
			dependencies = (
			);
			name = JuTuanLife;
			productName = JuTuanLife;
			productReference = 60ED7625240EB25A0013CB8C /* JuTuanLife.app */;
			productType = "com.apple.product-type.application";
		};
/* End PBXNativeTarget section */

/* Begin PBXProject section */
		60ED761D240EB25A0013CB8C /* Project object */ = {
			isa = PBXProject;
			attributes = {
				LastUpgradeCheck = 1030;
				ORGANIZATIONNAME = cheng;
				TargetAttributes = {
					60ED7624240EB25A0013CB8C = {
						CreatedOnToolsVersion = 10.3;
					};
				};
			};
			buildConfigurationList = 60ED7620240EB25A0013CB8C /* Build configuration list for PBXProject "JuTuanLife" */;
			compatibilityVersion = "Xcode 9.3";
			developmentRegion = en;
			hasScannedForEncodings = 0;
			knownRegions = (
				en,
				Base,
			);
			mainGroup = 60ED761C240EB25A0013CB8C;
			productRefGroup = 60ED7626240EB25A0013CB8C /* Products */;
			projectDirPath = "";
			projectRoot = "";
			targets = (
				60ED7624240EB25A0013CB8C /* JuTuanLife */,
			);
		};
/* End PBXProject section */

/* Begin PBXResourcesBuildPhase section */
		60ED7623240EB25A0013CB8C /* Resources */ = {
			isa = PBXResourcesBuildPhase;
			buildActionMask = 2147483647;
			files = (
				60ED7635240EB25B0013CB8C /* LaunchScreen.storyboard in Resources */,
				60D03CAA241012DF00E7D7D1 /* login_password_see@2x.png in Resources */,
				60D03CAB241012DF00E7D7D1 /* login_password_unsee@2x.png in Resources */,
				60D03C90240FF99600E7D7D1 /* launch_image@2x.png in Resources */,
				60D03CAC241012DF00E7D7D1 /* login_password_close@2x.png in Resources */,
				60D03CA0241004A800E7D7D1 /* login_icon_phone@2x.png in Resources */,
				60D03CB02410172700E7D7D1 /* login_header_bg@2x.jpg in Resources */,
				60ED7632240EB25B0013CB8C /* Assets.xcassets in Resources */,
				60ED7630240EB25A0013CB8C /* Main.storyboard in Resources */,
				60D03C9F241004A800E7D7D1 /* login_icon_code@2x.png in Resources */,
				60D03CAE241015F100E7D7D1 /* logo_jtbang@2x.png in Resources */,
			);
			runOnlyForDeploymentPostprocessing = 0;
		};
/* End PBXResourcesBuildPhase section */

/* Begin PBXShellScriptBuildPhase section */
		4EEDD0DF4DB52313366421C5 /* [CP] Embed Pods Frameworks */ = {
			isa = PBXShellScriptBuildPhase;
			buildActionMask = 2147483647;
			files = (
			);
			inputFileListPaths = (
			);
			name = "[CP] Embed Pods Frameworks";
			outputFileListPaths = (
			);
			runOnlyForDeploymentPostprocessing = 0;
			shellPath = /bin/sh;
			shellScript = "\"${PODS_ROOT}/Target Support Files/Pods-JuTuanLife/Pods-JuTuanLife-frameworks.sh\"\n";
			showEnvVarsInLog = 0;
		};
		6C60D42B4CD2A74C173FFDF7 /* [CP] Check Pods Manifest.lock */ = {
			isa = PBXShellScriptBuildPhase;
			buildActionMask = 2147483647;
			files = (
			);
			inputFileListPaths = (
			);
			inputPaths = (
				"${PODS_PODFILE_DIR_PATH}/Podfile.lock",
				"${PODS_ROOT}/Manifest.lock",
			);
			name = "[CP] Check Pods Manifest.lock";
			outputFileListPaths = (
			);
			outputPaths = (
				"$(DERIVED_FILE_DIR)/Pods-JuTuanLife-checkManifestLockResult.txt",
			);
			runOnlyForDeploymentPostprocessing = 0;
			shellPath = /bin/sh;
			shellScript = "diff \"${PODS_PODFILE_DIR_PATH}/Podfile.lock\" \"${PODS_ROOT}/Manifest.lock\" > /dev/null\nif [ $? != 0 ] ; then\n    # print error to STDERR\n    echo \"error: The sandbox is not in sync with the Podfile.lock. Run 'pod install' or update your CocoaPods installation.\" >&2\n    exit 1\nfi\n# This output is used by Xcode 'outputs' to avoid re-running this script phase.\necho \"SUCCESS\" > \"${SCRIPT_OUTPUT_FILE_0}\"\n";
			showEnvVarsInLog = 0;
		};
/* End PBXShellScriptBuildPhase section */

/* Begin PBXSourcesBuildPhase section */
		60ED7621240EB25A0013CB8C /* Sources */ = {
			isa = PBXSourcesBuildPhase;
			buildActionMask = 2147483647;
			files = (
				60E2B125240ED5D800E4EA52 /* CWStaticImageManager.m in Sources */,
				60E2B129240ED5D800E4EA52 /* WCControllerUtil.m in Sources */,
				60E2B121240ED5D800E4EA52 /* DTHttpTableController.m in Sources */,
				60E2B111240ED5D800E4EA52 /* DTTabScorllContentCell.m in Sources */,
				60E2B124240ED5D800E4EA52 /* WCMethodUtil.m in Sources */,
				60E2B104240ED5D800E4EA52 /* DTUISegmentView.m in Sources */,
				60E2B115240ED5D800E4EA52 /* DTHorizontalScrollView.m in Sources */,
				60E2B11B240ED5D800E4EA52 /* DTHttpRefreshTableController.m in Sources */,
				60E2B108240ED5D800E4EA52 /* DTStrokeLabel.m in Sources */,
				60E2B120240ED5D800E4EA52 /* DTPagesController.m in Sources */,
				60E2B106240ED5D800E4EA52 /* CLAlertView.m in Sources */,
				60E2B11D240ED5D800E4EA52 /* DTTableController.m in Sources */,
				60E2B2B7240FE58100E4EA52 /* BPAppDelegate.m in Sources */,
				60D03C93240FF9F100E7D7D1 /* JTLoginHomeController.m in Sources */,
				60E2B114240ED5D800E4EA52 /* DTScrollTabView.m in Sources */,
				60E2B128240ED5D800E4EA52 /* WCAppStyleUtil.m in Sources */,
				6001C780240EB6C4006092BB /* JTUserManager.m in Sources */,
				60E2B10C240ED5D800E4EA52 /* DTEnrollProgressView.m in Sources */,
				60E2B117240ED5D800E4EA52 /* DTTagLabel.m in Sources */,
				60E2B0FD240ED5D800E4EA52 /* CCCommentStarView.m in Sources */,
				60E2B126240ED5D800E4EA52 /* FFAnimateHelper.m in Sources */,
				60E2B105240ED5D800E4EA52 /* CLTitleTabView.m in Sources */,
				60E2B107240ED5D800E4EA52 /* DTControllerListView.m in Sources */,
				6001C77D240EB69E006092BB /* JTDataManager.m in Sources */,
				60E2B109240ED5D800E4EA52 /* DTScrollListViewCell.m in Sources */,
				60E2B10E240ED5D800E4EA52 /* DTNoDataView.m in Sources */,
				60E2B116240ED5D800E4EA52 /* DTPullRefreshHeadView.m in Sources */,
				60D03C96240FFA9900E7D7D1 /* JTUser.m in Sources */,
				60ED7638240EB25B0013CB8C /* main.m in Sources */,
				60E2B10B240ED5D800E4EA52 /* DTButton.m in Sources */,
				60E2B103240ED5D800E4EA52 /* CLDatePickerView.m in Sources */,
				60D03C99240FFE9400E7D7D1 /* JTLoginHeaderView.m in Sources */,
				6001C788240EB738006092BB /* JTCommon.m in Sources */,
				60E2B122240ED5D800E4EA52 /* DTViewController.m in Sources */,
				60E2B127240ED5D800E4EA52 /* DTPubUtil.m in Sources */,
				60E2B147240ED6AF00E4EA52 /* JTMainController.m in Sources */,
				60E2B0FF240ED5D800E4EA52 /* DTLoadMoreCommonCell.m in Sources */,
				60E2B0FE240ED5D800E4EA52 /* BPOnePixLineView.m in Sources */,
				60E2B10A240ED5D800E4EA52 /* DTBadgeView.m in Sources */,
				60E2B119240ED5D800E4EA52 /* DTTitleIconItem.m in Sources */,
				6001C784240EB6FD006092BB /* JTCoreUtil.m in Sources */,
				60E2B11F240ED5D800E4EA52 /* DTHttpRefreshInsetTabController.m in Sources */,
				60E2B112240ED5D800E4EA52 /* DTTabBarView.m in Sources */,
				60E2B12A240ED5D800E4EA52 /* WCBarItemUtil.m in Sources */,
				60E2B100240ED5D800E4EA52 /* DTTableButtonCell.m in Sources */,
				60E2B11E240ED5D800E4EA52 /* DTNavigationController.m in Sources */,
				60E2B11A240ED5D800E4EA52 /* DTHttpRefreshLoadMoreTableController.m in Sources */,
				60E2B118240ED5D800E4EA52 /* DTTabItem.m in Sources */,
				60E2B123240ED5D800E4EA52 /* DTHttpLoadMoreTableController.m in Sources */,
				60E2B113240ED5D800E4EA52 /* DTTableCustomCell.m in Sources */,
				60E2B110240ED5D800E4EA52 /* DTPickerView.m in Sources */,
				60E2B102240ED5D800E4EA52 /* DTControl.m in Sources */,
				60E2B10D240ED5D800E4EA52 /* DTGradientLabel.m in Sources */,
				60ED762A240EB25A0013CB8C /* AppDelegate.m in Sources */,
				60E2B101240ED5D800E4EA52 /* DTDrivingLoadingView.m in Sources */,
				60E2B11C240ED5D800E4EA52 /* DTTabViewController.m in Sources */,
				60E2B10F240ED5D800E4EA52 /* DTScrollLabel.m in Sources */,
				60D03C9C2410046600E7D7D1 /* SCLoginTextFieldCell.m in Sources */,
			);
			runOnlyForDeploymentPostprocessing = 0;
		};
/* End PBXSourcesBuildPhase section */

/* Begin PBXVariantGroup section */
		60ED762E240EB25A0013CB8C /* Main.storyboard */ = {
			isa = PBXVariantGroup;
			children = (
				60ED762F240EB25A0013CB8C /* Base */,
			);
			name = Main.storyboard;
			sourceTree = "<group>";
		};
		60ED7633240EB25B0013CB8C /* LaunchScreen.storyboard */ = {
			isa = PBXVariantGroup;
			children = (
				60ED7634240EB25B0013CB8C /* Base */,
			);
			name = LaunchScreen.storyboard;
			sourceTree = "<group>";
		};
/* End PBXVariantGroup section */

/* Begin XCBuildConfiguration section */
		60ED7639240EB25B0013CB8C /* Debug */ = {
			isa = XCBuildConfiguration;
			buildSettings = {
				ALWAYS_SEARCH_USER_PATHS = NO;
				CLANG_ANALYZER_NONNULL = YES;
				CLANG_ANALYZER_NUMBER_OBJECT_CONVERSION = YES_AGGRESSIVE;
				CLANG_CXX_LANGUAGE_STANDARD = "gnu++14";
				CLANG_CXX_LIBRARY = "libc++";
				CLANG_ENABLE_MODULES = YES;
				CLANG_ENABLE_OBJC_ARC = YES;
				CLANG_ENABLE_OBJC_WEAK = YES;
				CLANG_WARN_BLOCK_CAPTURE_AUTORELEASING = YES;
				CLANG_WARN_BOOL_CONVERSION = YES;
				CLANG_WARN_COMMA = YES;
				CLANG_WARN_CONSTANT_CONVERSION = YES;
				CLANG_WARN_DEPRECATED_OBJC_IMPLEMENTATIONS = YES;
				CLANG_WARN_DIRECT_OBJC_ISA_USAGE = YES_ERROR;
				CLANG_WARN_DOCUMENTATION_COMMENTS = YES;
				CLANG_WARN_EMPTY_BODY = YES;
				CLANG_WARN_ENUM_CONVERSION = YES;
				CLANG_WARN_INFINITE_RECURSION = YES;
				CLANG_WARN_INT_CONVERSION = YES;
				CLANG_WARN_NON_LITERAL_NULL_CONVERSION = YES;
				CLANG_WARN_OBJC_IMPLICIT_RETAIN_SELF = YES;
				CLANG_WARN_OBJC_LITERAL_CONVERSION = YES;
				CLANG_WARN_OBJC_ROOT_CLASS = YES_ERROR;
				CLANG_WARN_RANGE_LOOP_ANALYSIS = YES;
				CLANG_WARN_STRICT_PROTOTYPES = YES;
				CLANG_WARN_SUSPICIOUS_MOVE = YES;
				CLANG_WARN_UNGUARDED_AVAILABILITY = YES_AGGRESSIVE;
				CLANG_WARN_UNREACHABLE_CODE = YES;
				CLANG_WARN__DUPLICATE_METHOD_MATCH = YES;
				CODE_SIGN_IDENTITY = "iPhone Developer";
				COPY_PHASE_STRIP = NO;
				DEBUG_INFORMATION_FORMAT = dwarf;
				ENABLE_STRICT_OBJC_MSGSEND = YES;
				ENABLE_TESTABILITY = YES;
				GCC_C_LANGUAGE_STANDARD = gnu11;
				GCC_DYNAMIC_NO_PIC = NO;
				GCC_NO_COMMON_BLOCKS = YES;
				GCC_OPTIMIZATION_LEVEL = 0;
				GCC_PREPROCESSOR_DEFINITIONS = (
					"DEBUG=1",
					"$(inherited)",
				);
				GCC_WARN_64_TO_32_BIT_CONVERSION = YES;
				GCC_WARN_ABOUT_RETURN_TYPE = YES_ERROR;
				GCC_WARN_UNDECLARED_SELECTOR = YES;
				GCC_WARN_UNINITIALIZED_AUTOS = YES_AGGRESSIVE;
				GCC_WARN_UNUSED_FUNCTION = YES;
				GCC_WARN_UNUSED_VARIABLE = YES;
				IPHONEOS_DEPLOYMENT_TARGET = 12.4;
				MTL_ENABLE_DEBUG_INFO = INCLUDE_SOURCE;
				MTL_FAST_MATH = YES;
				ONLY_ACTIVE_ARCH = YES;
				SDKROOT = iphoneos;
			};
			name = Debug;
		};
		60ED763A240EB25B0013CB8C /* Release */ = {
			isa = XCBuildConfiguration;
			buildSettings = {
				ALWAYS_SEARCH_USER_PATHS = NO;
				CLANG_ANALYZER_NONNULL = YES;
				CLANG_ANALYZER_NUMBER_OBJECT_CONVERSION = YES_AGGRESSIVE;
				CLANG_CXX_LANGUAGE_STANDARD = "gnu++14";
				CLANG_CXX_LIBRARY = "libc++";
				CLANG_ENABLE_MODULES = YES;
				CLANG_ENABLE_OBJC_ARC = YES;
				CLANG_ENABLE_OBJC_WEAK = YES;
				CLANG_WARN_BLOCK_CAPTURE_AUTORELEASING = YES;
				CLANG_WARN_BOOL_CONVERSION = YES;
				CLANG_WARN_COMMA = YES;
				CLANG_WARN_CONSTANT_CONVERSION = YES;
				CLANG_WARN_DEPRECATED_OBJC_IMPLEMENTATIONS = YES;
				CLANG_WARN_DIRECT_OBJC_ISA_USAGE = YES_ERROR;
				CLANG_WARN_DOCUMENTATION_COMMENTS = YES;
				CLANG_WARN_EMPTY_BODY = YES;
				CLANG_WARN_ENUM_CONVERSION = YES;
				CLANG_WARN_INFINITE_RECURSION = YES;
				CLANG_WARN_INT_CONVERSION = YES;
				CLANG_WARN_NON_LITERAL_NULL_CONVERSION = YES;
				CLANG_WARN_OBJC_IMPLICIT_RETAIN_SELF = YES;
				CLANG_WARN_OBJC_LITERAL_CONVERSION = YES;
				CLANG_WARN_OBJC_ROOT_CLASS = YES_ERROR;
				CLANG_WARN_RANGE_LOOP_ANALYSIS = YES;
				CLANG_WARN_STRICT_PROTOTYPES = YES;
				CLANG_WARN_SUSPICIOUS_MOVE = YES;
				CLANG_WARN_UNGUARDED_AVAILABILITY = YES_AGGRESSIVE;
				CLANG_WARN_UNREACHABLE_CODE = YES;
				CLANG_WARN__DUPLICATE_METHOD_MATCH = YES;
				CODE_SIGN_IDENTITY = "iPhone Developer";
				COPY_PHASE_STRIP = NO;
				DEBUG_INFORMATION_FORMAT = "dwarf-with-dsym";
				ENABLE_NS_ASSERTIONS = NO;
				ENABLE_STRICT_OBJC_MSGSEND = YES;
				GCC_C_LANGUAGE_STANDARD = gnu11;
				GCC_NO_COMMON_BLOCKS = YES;
				GCC_WARN_64_TO_32_BIT_CONVERSION = YES;
				GCC_WARN_ABOUT_RETURN_TYPE = YES_ERROR;
				GCC_WARN_UNDECLARED_SELECTOR = YES;
				GCC_WARN_UNINITIALIZED_AUTOS = YES_AGGRESSIVE;
				GCC_WARN_UNUSED_FUNCTION = YES;
				GCC_WARN_UNUSED_VARIABLE = YES;
				IPHONEOS_DEPLOYMENT_TARGET = 12.4;
				MTL_ENABLE_DEBUG_INFO = NO;
				MTL_FAST_MATH = YES;
				SDKROOT = iphoneos;
				VALIDATE_PRODUCT = YES;
			};
			name = Release;
		};
		60ED763C240EB25B0013CB8C /* Debug */ = {
			isa = XCBuildConfiguration;
			baseConfigurationReference = 22D0A58BFCB7D41C914AE223 /* Pods-JuTuanLife.debug.xcconfig */;
			buildSettings = {
				ASSETCATALOG_COMPILER_APPICON_NAME = AppIcon;
				CODE_SIGN_STYLE = Automatic;
				GCC_PRECOMPILE_PREFIX_HEADER = YES;
				GCC_PREFIX_HEADER = "JuTuanLife/JuTuanLife-Prefix.pch";
				INFOPLIST_FILE = JuTuanLife/Info.plist;
				IPHONEOS_DEPLOYMENT_TARGET = 9.0;
				LD_RUNPATH_SEARCH_PATHS = (
					"$(inherited)",
					"@executable_path/Frameworks",
				);
				PRODUCT_BUNDLE_IDENTIFIER = com.jtlife.jutuan;
				PRODUCT_NAME = "$(TARGET_NAME)";
				TARGETED_DEVICE_FAMILY = 1;
			};
			name = Debug;
		};
		60ED763D240EB25B0013CB8C /* Release */ = {
			isa = XCBuildConfiguration;
			baseConfigurationReference = 252ACCD2D3E36346102AC1B4 /* Pods-JuTuanLife.release.xcconfig */;
			buildSettings = {
				ASSETCATALOG_COMPILER_APPICON_NAME = AppIcon;
				CODE_SIGN_STYLE = Automatic;
				GCC_PRECOMPILE_PREFIX_HEADER = YES;
				GCC_PREFIX_HEADER = "JuTuanLife/JuTuanLife-Prefix.pch";
				INFOPLIST_FILE = JuTuanLife/Info.plist;
				IPHONEOS_DEPLOYMENT_TARGET = 9.0;
				LD_RUNPATH_SEARCH_PATHS = (
					"$(inherited)",
					"@executable_path/Frameworks",
				);
				PRODUCT_BUNDLE_IDENTIFIER = com.jtlife.jutuan;
				PRODUCT_NAME = "$(TARGET_NAME)";
				TARGETED_DEVICE_FAMILY = 1;
			};
			name = Release;
		};
/* End XCBuildConfiguration section */

/* Begin XCConfigurationList section */
		60ED7620240EB25A0013CB8C /* Build configuration list for PBXProject "JuTuanLife" */ = {
			isa = XCConfigurationList;
			buildConfigurations = (
				60ED7639240EB25B0013CB8C /* Debug */,
				60ED763A240EB25B0013CB8C /* Release */,
			);
			defaultConfigurationIsVisible = 0;
			defaultConfigurationName = Release;
		};
		60ED763B240EB25B0013CB8C /* Build configuration list for PBXNativeTarget "JuTuanLife" */ = {
			isa = XCConfigurationList;
			buildConfigurations = (
				60ED763C240EB25B0013CB8C /* Debug */,
				60ED763D240EB25B0013CB8C /* Release */,
			);
			defaultConfigurationIsVisible = 0;
			defaultConfigurationName = Release;
		};
/* End XCConfigurationList section */
	};
	rootObject = 60ED761D240EB25A0013CB8C /* Project object */;
}
