// !$*UTF8*$!
{
	archiveVersion = 1;
	classes = {
	};
	objectVersion = 50;
	objects = {

/* Begin PBXBuildFile section */
		6001C77D240EB69E006092BB /* JTDataManager.m in Sources */ = {isa = PBXBuildFile; fileRef = 6001C77C240EB69E006092BB /* JTDataManager.m */; };
		6001C780240EB6C4006092BB /* JTUserManager.m in Sources */ = {isa = PBXBuildFile; fileRef = 6001C77F240EB6C4006092BB /* JTUserManager.m */; };
		6001C784240EB6FD006092BB /* JTCoreUtil.m in Sources */ = {isa = PBXBuildFile; fileRef = 6001C783240EB6FD006092BB /* JTCoreUtil.m */; };
		6001C788240EB738006092BB /* JTCommon.m in Sources */ = {isa = PBXBuildFile; fileRef = 6001C787240EB738006092BB /* JTCommon.m */; };
		60ED762A240EB25A0013CB8C /* AppDelegate.m in Sources */ = {isa = PBXBuildFile; fileRef = 60ED7629240EB25A0013CB8C /* AppDelegate.m */; };
		60ED762D240EB25A0013CB8C /* ViewController.m in Sources */ = {isa = PBXBuildFile; fileRef = 60ED762C240EB25A0013CB8C /* ViewController.m */; };
		60ED7630240EB25A0013CB8C /* Main.storyboard in Resources */ = {isa = PBXBuildFile; fileRef = 60ED762E240EB25A0013CB8C /* Main.storyboard */; };
		60ED7632240EB25B0013CB8C /* Assets.xcassets in Resources */ = {isa = PBXBuildFile; fileRef = 60ED7631240EB25B0013CB8C /* Assets.xcassets */; };
		60ED7635240EB25B0013CB8C /* LaunchScreen.storyboard in Resources */ = {isa = PBXBuildFile; fileRef = 60ED7633240EB25B0013CB8C /* LaunchScreen.storyboard */; };
		60ED7638240EB25B0013CB8C /* main.m in Sources */ = {isa = PBXBuildFile; fileRef = 60ED7637240EB25B0013CB8C /* main.m */; };
		D2068D9F20BB2156C5736722 /* Pods_JuTuanLife.framework in Frameworks */ = {isa = PBXBuildFile; fileRef = 87291E484A5B51B2A86BD0CE /* Pods_JuTuanLife.framework */; };
/* End PBXBuildFile section */

/* Begin PBXFileReference section */
		22D0A58BFCB7D41C914AE223 /* Pods-JuTuanLife.debug.xcconfig */ = {isa = PBXFileReference; includeInIndex = 1; lastKnownFileType = text.xcconfig; name = "Pods-JuTuanLife.debug.xcconfig"; path = "Target Support Files/Pods-JuTuanLife/Pods-JuTuanLife.debug.xcconfig"; sourceTree = "<group>"; };
		252ACCD2D3E36346102AC1B4 /* Pods-JuTuanLife.release.xcconfig */ = {isa = PBXFileReference; includeInIndex = 1; lastKnownFileType = text.xcconfig; name = "Pods-JuTuanLife.release.xcconfig"; path = "Target Support Files/Pods-JuTuanLife/Pods-JuTuanLife.release.xcconfig"; sourceTree = "<group>"; };
		6001C60A240EB54F006092BB /* JTDefine.h */ = {isa = PBXFileReference; lastKnownFileType = sourcecode.c.h; path = JTDefine.h; sourceTree = "<group>"; };
		6001C60B240EB56A006092BB /* JTAPPKey.h */ = {isa = PBXFileReference; lastKnownFileType = sourcecode.c.h; path = JTAPPKey.h; sourceTree = "<group>"; };
		6001C779240EB5F0006092BB /* JTConstants.h */ = {isa = PBXFileReference; lastKnownFileType = sourcecode.c.h; path = JTConstants.h; sourceTree = "<group>"; };
		6001C77B240EB69E006092BB /* JTDataManager.h */ = {isa = PBXFileReference; lastKnownFileType = sourcecode.c.h; path = JTDataManager.h; sourceTree = "<group>"; };
		6001C77C240EB69E006092BB /* JTDataManager.m */ = {isa = PBXFileReference; lastKnownFileType = sourcecode.c.objc; path = JTDataManager.m; sourceTree = "<group>"; };
		6001C77E240EB6C4006092BB /* JTUserManager.h */ = {isa = PBXFileReference; lastKnownFileType = sourcecode.c.h; path = JTUserManager.h; sourceTree = "<group>"; };
		6001C77F240EB6C4006092BB /* JTUserManager.m */ = {isa = PBXFileReference; lastKnownFileType = sourcecode.c.objc; path = JTUserManager.m; sourceTree = "<group>"; };
		6001C782240EB6FD006092BB /* JTCoreUtil.h */ = {isa = PBXFileReference; lastKnownFileType = sourcecode.c.h; path = JTCoreUtil.h; sourceTree = "<group>"; };
		6001C783240EB6FD006092BB /* JTCoreUtil.m */ = {isa = PBXFileReference; lastKnownFileType = sourcecode.c.objc; path = JTCoreUtil.m; sourceTree = "<group>"; };
		6001C786240EB738006092BB /* JTCommon.h */ = {isa = PBXFileReference; lastKnownFileType = sourcecode.c.h; path = JTCommon.h; sourceTree = "<group>"; };
		6001C787240EB738006092BB /* JTCommon.m */ = {isa = PBXFileReference; lastKnownFileType = sourcecode.c.objc; path = JTCommon.m; sourceTree = "<group>"; };
		6001C7A0240EBA1D006092BB /* JuTuanLife-Prefix.pch */ = {isa = PBXFileReference; lastKnownFileType = sourcecode.c.h; path = "JuTuanLife-Prefix.pch"; sourceTree = "<group>"; };
		60ED7625240EB25A0013CB8C /* JuTuanLife.app */ = {isa = PBXFileReference; explicitFileType = wrapper.application; includeInIndex = 0; path = JuTuanLife.app; sourceTree = BUILT_PRODUCTS_DIR; };
		60ED7628240EB25A0013CB8C /* AppDelegate.h */ = {isa = PBXFileReference; lastKnownFileType = sourcecode.c.h; path = AppDelegate.h; sourceTree = "<group>"; };
		60ED7629240EB25A0013CB8C /* AppDelegate.m */ = {isa = PBXFileReference; lastKnownFileType = sourcecode.c.objc; path = AppDelegate.m; sourceTree = "<group>"; };
		60ED762B240EB25A0013CB8C /* ViewController.h */ = {isa = PBXFileReference; lastKnownFileType = sourcecode.c.h; path = ViewController.h; sourceTree = "<group>"; };
		60ED762C240EB25A0013CB8C /* ViewController.m */ = {isa = PBXFileReference; lastKnownFileType = sourcecode.c.objc; path = ViewController.m; sourceTree = "<group>"; };
		60ED762F240EB25A0013CB8C /* Base */ = {isa = PBXFileReference; lastKnownFileType = file.storyboard; name = Base; path = Base.lproj/Main.storyboard; sourceTree = "<group>"; };
		60ED7631240EB25B0013CB8C /* Assets.xcassets */ = {isa = PBXFileReference; lastKnownFileType = folder.assetcatalog; path = Assets.xcassets; sourceTree = "<group>"; };
		60ED7634240EB25B0013CB8C /* Base */ = {isa = PBXFileReference; lastKnownFileType = file.storyboard; name = Base; path = Base.lproj/LaunchScreen.storyboard; sourceTree = "<group>"; };
		60ED7636240EB25B0013CB8C /* Info.plist */ = {isa = PBXFileReference; lastKnownFileType = text.plist.xml; path = Info.plist; sourceTree = "<group>"; };
		60ED7637240EB25B0013CB8C /* main.m */ = {isa = PBXFileReference; lastKnownFileType = sourcecode.c.objc; path = main.m; sourceTree = "<group>"; };
		87291E484A5B51B2A86BD0CE /* Pods_JuTuanLife.framework */ = {isa = PBXFileReference; explicitFileType = wrapper.framework; includeInIndex = 0; path = Pods_JuTuanLife.framework; sourceTree = BUILT_PRODUCTS_DIR; };
/* End PBXFileReference section */

/* Begin PBXFrameworksBuildPhase section */
		60ED7622240EB25A0013CB8C /* Frameworks */ = {
			isa = PBXFrameworksBuildPhase;
			buildActionMask = 2147483647;
			files = (
				D2068D9F20BB2156C5736722 /* Pods_JuTuanLife.framework in Frameworks */,
			);
			runOnlyForDeploymentPostprocessing = 0;
		};
/* End PBXFrameworksBuildPhase section */

/* Begin PBXGroup section */
		2CA7162FEE8B1DB5CA998BAB /* Frameworks */ = {
			isa = PBXGroup;
			children = (
				87291E484A5B51B2A86BD0CE /* Pods_JuTuanLife.framework */,
			);
			name = Frameworks;
			sourceTree = "<group>";
		};
		52E4E7697BEB7133F1E4828C /* Pods */ = {
			isa = PBXGroup;
			children = (
				22D0A58BFCB7D41C914AE223 /* Pods-JuTuanLife.debug.xcconfig */,
				252ACCD2D3E36346102AC1B4 /* Pods-JuTuanLife.release.xcconfig */,
			);
			name = Pods;
			path = Pods;
			sourceTree = "<group>";
		};
		6001C609240EB53B006092BB /* Macros */ = {
			isa = PBXGroup;
			children = (
				6001C60B240EB56A006092BB /* JTAPPKey.h */,
				6001C779240EB5F0006092BB /* JTConstants.h */,
				6001C60A240EB54F006092BB /* JTDefine.h */,
			);
			path = Macros;
			sourceTree = "<group>";
		};
		6001C77A240EB68B006092BB /* Manager */ = {
			isa = PBXGroup;
			children = (
				6001C77B240EB69E006092BB /* JTDataManager.h */,
				6001C77C240EB69E006092BB /* JTDataManager.m */,
				6001C77E240EB6C4006092BB /* JTUserManager.h */,
				6001C77F240EB6C4006092BB /* JTUserManager.m */,
			);
			path = Manager;
			sourceTree = "<group>";
		};
		6001C781240EB6E7006092BB /* Tools */ = {
			isa = PBXGroup;
			children = (
				6001C782240EB6FD006092BB /* JTCoreUtil.h */,
				6001C783240EB6FD006092BB /* JTCoreUtil.m */,
			);
			path = Tools;
			sourceTree = "<group>";
		};
		6001C785240EB721006092BB /* Common */ = {
			isa = PBXGroup;
			children = (
				6001C786240EB738006092BB /* JTCommon.h */,
				6001C787240EB738006092BB /* JTCommon.m */,
			);
			path = Common;
			sourceTree = "<group>";
		};
		6001C789240EB755006092BB /* MVC */ = {
			isa = PBXGroup;
			children = (
				6001C791240EB755006092BB /* Main */,
				6001C78A240EB755006092BB /* Mine */,
				6001C797240EB755006092BB /* Login */,
			);
			path = MVC;
			sourceTree = "<group>";
		};
		6001C78A240EB755006092BB /* Mine */ = {
			isa = PBXGroup;
			children = (
			);
			path = Mine;
			sourceTree = "<group>";
		};
		6001C791240EB755006092BB /* Main */ = {
			isa = PBXGroup;
			children = (
				6001C792240EB755006092BB /* Controller */,
				6001C794240EB755006092BB /* Model */,
				6001C795240EB755006092BB /* View */,
				6001C796240EB755006092BB /* Resource */,
			);
			path = Main;
			sourceTree = "<group>";
		};
		6001C792240EB755006092BB /* Controller */ = {
			isa = PBXGroup;
			children = (
				6001C793240EB755006092BB /* 未命名文件夹 */,
			);
			path = Controller;
			sourceTree = "<group>";
		};
		6001C793240EB755006092BB /* 未命名文件夹 */ = {
			isa = PBXGroup;
			children = (
			);
			path = "未命名文件夹";
			sourceTree = "<group>";
		};
		6001C794240EB755006092BB /* Model */ = {
			isa = PBXGroup;
			children = (
			);
			path = Model;
			sourceTree = "<group>";
		};
		6001C795240EB755006092BB /* View */ = {
			isa = PBXGroup;
			children = (
			);
			path = View;
			sourceTree = "<group>";
		};
		6001C796240EB755006092BB /* Resource */ = {
			isa = PBXGroup;
			children = (
			);
			path = Resource;
			sourceTree = "<group>";
		};
		6001C797240EB755006092BB /* Login */ = {
			isa = PBXGroup;
			children = (
				6001C798240EB755006092BB /* Controller */,
				6001C79A240EB755006092BB /* Model */,
				6001C79B240EB755006092BB /* View */,
				6001C79C240EB755006092BB /* Resource */,
			);
			path = Login;
			sourceTree = "<group>";
		};
		6001C798240EB755006092BB /* Controller */ = {
			isa = PBXGroup;
			children = (
				6001C799240EB755006092BB /* 未命名文件夹 */,
			);
			path = Controller;
			sourceTree = "<group>";
		};
		6001C799240EB755006092BB /* 未命名文件夹 */ = {
			isa = PBXGroup;
			children = (
			);
			path = "未命名文件夹";
			sourceTree = "<group>";
		};
		6001C79A240EB755006092BB /* Model */ = {
			isa = PBXGroup;
			children = (
			);
			path = Model;
			sourceTree = "<group>";
		};
		6001C79B240EB755006092BB /* View */ = {
			isa = PBXGroup;
			children = (
			);
			path = View;
			sourceTree = "<group>";
		};
		6001C79C240EB755006092BB /* Resource */ = {
			isa = PBXGroup;
			children = (
			);
			path = Resource;
			sourceTree = "<group>";
		};
		6001C79F240EB95E006092BB /* Base */ = {
			isa = PBXGroup;
			children = (
				60ED762B240EB25A0013CB8C /* ViewController.h */,
				60ED762C240EB25A0013CB8C /* ViewController.m */,
				60ED7636240EB25B0013CB8C /* Info.plist */,
				6001C7A0240EBA1D006092BB /* JuTuanLife-Prefix.pch */,
				60ED7637240EB25B0013CB8C /* main.m */,
				60ED7633240EB25B0013CB8C /* LaunchScreen.storyboard */,
				60ED762E240EB25A0013CB8C /* Main.storyboard */,
				60ED7631240EB25B0013CB8C /* Assets.xcassets */,
			);
			name = Base;
			sourceTree = "<group>";
		};
		60ED761C240EB25A0013CB8C = {
			isa = PBXGroup;
			children = (
				60ED7627240EB25A0013CB8C /* JuTuanLife */,
				60ED7626240EB25A0013CB8C /* Products */,
				52E4E7697BEB7133F1E4828C /* Pods */,
				2CA7162FEE8B1DB5CA998BAB /* Frameworks */,
			);
			sourceTree = "<group>";
		};
		60ED7626240EB25A0013CB8C /* Products */ = {
			isa = PBXGroup;
			children = (
				60ED7625240EB25A0013CB8C /* JuTuanLife.app */,
			);
			name = Products;
			sourceTree = "<group>";
		};
		60ED7627240EB25A0013CB8C /* JuTuanLife */ = {
			isa = PBXGroup;
			children = (
				60ED7628240EB25A0013CB8C /* AppDelegate.h */,
				60ED7629240EB25A0013CB8C /* AppDelegate.m */,
				6001C79F240EB95E006092BB /* Base */,
				6001C609240EB53B006092BB /* Macros */,
				6001C785240EB721006092BB /* Common */,
				6001C77A240EB68B006092BB /* Manager */,
				6001C781240EB6E7006092BB /* Tools */,
				6001C789240EB755006092BB /* MVC */,
			);
			path = JuTuanLife;
			sourceTree = "<group>";
		};
/* End PBXGroup section */

/* Begin PBXNativeTarget section */
		60ED7624240EB25A0013CB8C /* JuTuanLife */ = {
			isa = PBXNativeTarget;
			buildConfigurationList = 60ED763B240EB25B0013CB8C /* Build configuration list for PBXNativeTarget "JuTuanLife" */;
			buildPhases = (
				6C60D42B4CD2A74C173FFDF7 /* [CP] Check Pods Manifest.lock */,
				60ED7621240EB25A0013CB8C /* Sources */,
				60ED7622240EB25A0013CB8C /* Frameworks */,
				60ED7623240EB25A0013CB8C /* Resources */,
				4EEDD0DF4DB52313366421C5 /* [CP] Embed Pods Frameworks */,
			);
			buildRules = (
			);
			dependencies = (
			);
			name = JuTuanLife;
			productName = JuTuanLife;
			productReference = 60ED7625240EB25A0013CB8C /* JuTuanLife.app */;
			productType = "com.apple.product-type.application";
		};
/* End PBXNativeTarget section */

/* Begin PBXProject section */
		60ED761D240EB25A0013CB8C /* Project object */ = {
			isa = PBXProject;
			attributes = {
				LastUpgradeCheck = 1030;
				ORGANIZATIONNAME = cheng;
				TargetAttributes = {
					60ED7624240EB25A0013CB8C = {
						CreatedOnToolsVersion = 10.3;
					};
				};
			};
			buildConfigurationList = 60ED7620240EB25A0013CB8C /* Build configuration list for PBXProject "JuTuanLife" */;
			compatibilityVersion = "Xcode 9.3";
			developmentRegion = en;
			hasScannedForEncodings = 0;
			knownRegions = (
				en,
				Base,
			);
			mainGroup = 60ED761C240EB25A0013CB8C;
			productRefGroup = 60ED7626240EB25A0013CB8C /* Products */;
			projectDirPath = "";
			projectRoot = "";
			targets = (
				60ED7624240EB25A0013CB8C /* JuTuanLife */,
			);
		};
/* End PBXProject section */

/* Begin PBXResourcesBuildPhase section */
		60ED7623240EB25A0013CB8C /* Resources */ = {
			isa = PBXResourcesBuildPhase;
			buildActionMask = 2147483647;
			files = (
				60ED7635240EB25B0013CB8C /* LaunchScreen.storyboard in Resources */,
				60ED7632240EB25B0013CB8C /* Assets.xcassets in Resources */,
				60ED7630240EB25A0013CB8C /* Main.storyboard in Resources */,
			);
			runOnlyForDeploymentPostprocessing = 0;
		};
/* End PBXResourcesBuildPhase section */

/* Begin PBXShellScriptBuildPhase section */
		4EEDD0DF4DB52313366421C5 /* [CP] Embed Pods Frameworks */ = {
			isa = PBXShellScriptBuildPhase;
			buildActionMask = 2147483647;
			files = (
			);
			inputFileListPaths = (
			);
			name = "[CP] Embed Pods Frameworks";
			outputFileListPaths = (
			);
			runOnlyForDeploymentPostprocessing = 0;
			shellPath = /bin/sh;
			shellScript = "\"${PODS_ROOT}/Target Support Files/Pods-JuTuanLife/Pods-JuTuanLife-frameworks.sh\"\n";
			showEnvVarsInLog = 0;
		};
		6C60D42B4CD2A74C173FFDF7 /* [CP] Check Pods Manifest.lock */ = {
			isa = PBXShellScriptBuildPhase;
			buildActionMask = 2147483647;
			files = (
			);
			inputFileListPaths = (
			);
			inputPaths = (
				"${PODS_PODFILE_DIR_PATH}/Podfile.lock",
				"${PODS_ROOT}/Manifest.lock",
			);
			name = "[CP] Check Pods Manifest.lock";
			outputFileListPaths = (
			);
			outputPaths = (
				"$(DERIVED_FILE_DIR)/Pods-JuTuanLife-checkManifestLockResult.txt",
			);
			runOnlyForDeploymentPostprocessing = 0;
			shellPath = /bin/sh;
			shellScript = "diff \"${PODS_PODFILE_DIR_PATH}/Podfile.lock\" \"${PODS_ROOT}/Manifest.lock\" > /dev/null\nif [ $? != 0 ] ; then\n    # print error to STDERR\n    echo \"error: The sandbox is not in sync with the Podfile.lock. Run 'pod install' or update your CocoaPods installation.\" >&2\n    exit 1\nfi\n# This output is used by Xcode 'outputs' to avoid re-running this script phase.\necho \"SUCCESS\" > \"${SCRIPT_OUTPUT_FILE_0}\"\n";
			showEnvVarsInLog = 0;
		};
/* End PBXShellScriptBuildPhase section */

/* Begin PBXSourcesBuildPhase section */
		60ED7621240EB25A0013CB8C /* Sources */ = {
			isa = PBXSourcesBuildPhase;
			buildActionMask = 2147483647;
			files = (
				60ED762D240EB25A0013CB8C /* ViewController.m in Sources */,
				6001C780240EB6C4006092BB /* JTUserManager.m in Sources */,
				6001C77D240EB69E006092BB /* JTDataManager.m in Sources */,
				60ED7638240EB25B0013CB8C /* main.m in Sources */,
				6001C788240EB738006092BB /* JTCommon.m in Sources */,
				6001C784240EB6FD006092BB /* JTCoreUtil.m in Sources */,
				60ED762A240EB25A0013CB8C /* AppDelegate.m in Sources */,
			);
			runOnlyForDeploymentPostprocessing = 0;
		};
/* End PBXSourcesBuildPhase section */

/* Begin PBXVariantGroup section */
		60ED762E240EB25A0013CB8C /* Main.storyboard */ = {
			isa = PBXVariantGroup;
			children = (
				60ED762F240EB25A0013CB8C /* Base */,
			);
			name = Main.storyboard;
			sourceTree = "<group>";
		};
		60ED7633240EB25B0013CB8C /* LaunchScreen.storyboard */ = {
			isa = PBXVariantGroup;
			children = (
				60ED7634240EB25B0013CB8C /* Base */,
			);
			name = LaunchScreen.storyboard;
			sourceTree = "<group>";
		};
/* End PBXVariantGroup section */

/* Begin XCBuildConfiguration section */
		60ED7639240EB25B0013CB8C /* Debug */ = {
			isa = XCBuildConfiguration;
			buildSettings = {
				ALWAYS_SEARCH_USER_PATHS = NO;
				CLANG_ANALYZER_NONNULL = YES;
				CLANG_ANALYZER_NUMBER_OBJECT_CONVERSION = YES_AGGRESSIVE;
				CLANG_CXX_LANGUAGE_STANDARD = "gnu++14";
				CLANG_CXX_LIBRARY = "libc++";
				CLANG_ENABLE_MODULES = YES;
				CLANG_ENABLE_OBJC_ARC = YES;
				CLANG_ENABLE_OBJC_WEAK = YES;
				CLANG_WARN_BLOCK_CAPTURE_AUTORELEASING = YES;
				CLANG_WARN_BOOL_CONVERSION = YES;
				CLANG_WARN_COMMA = YES;
				CLANG_WARN_CONSTANT_CONVERSION = YES;
				CLANG_WARN_DEPRECATED_OBJC_IMPLEMENTATIONS = YES;
				CLANG_WARN_DIRECT_OBJC_ISA_USAGE = YES_ERROR;
				CLANG_WARN_DOCUMENTATION_COMMENTS = YES;
				CLANG_WARN_EMPTY_BODY = YES;
				CLANG_WARN_ENUM_CONVERSION = YES;
				CLANG_WARN_INFINITE_RECURSION = YES;
				CLANG_WARN_INT_CONVERSION = YES;
				CLANG_WARN_NON_LITERAL_NULL_CONVERSION = YES;
				CLANG_WARN_OBJC_IMPLICIT_RETAIN_SELF = YES;
				CLANG_WARN_OBJC_LITERAL_CONVERSION = YES;
				CLANG_WARN_OBJC_ROOT_CLASS = YES_ERROR;
				CLANG_WARN_RANGE_LOOP_ANALYSIS = YES;
				CLANG_WARN_STRICT_PROTOTYPES = YES;
				CLANG_WARN_SUSPICIOUS_MOVE = YES;
				CLANG_WARN_UNGUARDED_AVAILABILITY = YES_AGGRESSIVE;
				CLANG_WARN_UNREACHABLE_CODE = YES;
				CLANG_WARN__DUPLICATE_METHOD_MATCH = YES;
				CODE_SIGN_IDENTITY = "iPhone Developer";
				COPY_PHASE_STRIP = NO;
				DEBUG_INFORMATION_FORMAT = dwarf;
				ENABLE_STRICT_OBJC_MSGSEND = YES;
				ENABLE_TESTABILITY = YES;
				GCC_C_LANGUAGE_STANDARD = gnu11;
				GCC_DYNAMIC_NO_PIC = NO;
				GCC_NO_COMMON_BLOCKS = YES;
				GCC_OPTIMIZATION_LEVEL = 0;
				GCC_PREPROCESSOR_DEFINITIONS = (
					"DEBUG=1",
					"$(inherited)",
				);
				GCC_WARN_64_TO_32_BIT_CONVERSION = YES;
				GCC_WARN_ABOUT_RETURN_TYPE = YES_ERROR;
				GCC_WARN_UNDECLARED_SELECTOR = YES;
				GCC_WARN_UNINITIALIZED_AUTOS = YES_AGGRESSIVE;
				GCC_WARN_UNUSED_FUNCTION = YES;
				GCC_WARN_UNUSED_VARIABLE = YES;
				IPHONEOS_DEPLOYMENT_TARGET = 12.4;
				MTL_ENABLE_DEBUG_INFO = INCLUDE_SOURCE;
				MTL_FAST_MATH = YES;
				ONLY_ACTIVE_ARCH = YES;
				SDKROOT = iphoneos;
			};
			name = Debug;
		};
		60ED763A240EB25B0013CB8C /* Release */ = {
			isa = XCBuildConfiguration;
			buildSettings = {
				ALWAYS_SEARCH_USER_PATHS = NO;
				CLANG_ANALYZER_NONNULL = YES;
				CLANG_ANALYZER_NUMBER_OBJECT_CONVERSION = YES_AGGRESSIVE;
				CLANG_CXX_LANGUAGE_STANDARD = "gnu++14";
				CLANG_CXX_LIBRARY = "libc++";
				CLANG_ENABLE_MODULES = YES;
				CLANG_ENABLE_OBJC_ARC = YES;
				CLANG_ENABLE_OBJC_WEAK = YES;
				CLANG_WARN_BLOCK_CAPTURE_AUTORELEASING = YES;
				CLANG_WARN_BOOL_CONVERSION = YES;
				CLANG_WARN_COMMA = YES;
				CLANG_WARN_CONSTANT_CONVERSION = YES;
				CLANG_WARN_DEPRECATED_OBJC_IMPLEMENTATIONS = YES;
				CLANG_WARN_DIRECT_OBJC_ISA_USAGE = YES_ERROR;
				CLANG_WARN_DOCUMENTATION_COMMENTS = YES;
				CLANG_WARN_EMPTY_BODY = YES;
				CLANG_WARN_ENUM_CONVERSION = YES;
				CLANG_WARN_INFINITE_RECURSION = YES;
				CLANG_WARN_INT_CONVERSION = YES;
				CLANG_WARN_NON_LITERAL_NULL_CONVERSION = YES;
				CLANG_WARN_OBJC_IMPLICIT_RETAIN_SELF = YES;
				CLANG_WARN_OBJC_LITERAL_CONVERSION = YES;
				CLANG_WARN_OBJC_ROOT_CLASS = YES_ERROR;
				CLANG_WARN_RANGE_LOOP_ANALYSIS = YES;
				CLANG_WARN_STRICT_PROTOTYPES = YES;
				CLANG_WARN_SUSPICIOUS_MOVE = YES;
				CLANG_WARN_UNGUARDED_AVAILABILITY = YES_AGGRESSIVE;
				CLANG_WARN_UNREACHABLE_CODE = YES;
				CLANG_WARN__DUPLICATE_METHOD_MATCH = YES;
				CODE_SIGN_IDENTITY = "iPhone Developer";
				COPY_PHASE_STRIP = NO;
				DEBUG_INFORMATION_FORMAT = "dwarf-with-dsym";
				ENABLE_NS_ASSERTIONS = NO;
				ENABLE_STRICT_OBJC_MSGSEND = YES;
				GCC_C_LANGUAGE_STANDARD = gnu11;
				GCC_NO_COMMON_BLOCKS = YES;
				GCC_WARN_64_TO_32_BIT_CONVERSION = YES;
				GCC_WARN_ABOUT_RETURN_TYPE = YES_ERROR;
				GCC_WARN_UNDECLARED_SELECTOR = YES;
				GCC_WARN_UNINITIALIZED_AUTOS = YES_AGGRESSIVE;
				GCC_WARN_UNUSED_FUNCTION = YES;
				GCC_WARN_UNUSED_VARIABLE = YES;
				IPHONEOS_DEPLOYMENT_TARGET = 12.4;
				MTL_ENABLE_DEBUG_INFO = NO;
				MTL_FAST_MATH = YES;
				SDKROOT = iphoneos;
				VALIDATE_PRODUCT = YES;
			};
			name = Release;
		};
		60ED763C240EB25B0013CB8C /* Debug */ = {
			isa = XCBuildConfiguration;
			baseConfigurationReference = 22D0A58BFCB7D41C914AE223 /* Pods-JuTuanLife.debug.xcconfig */;
			buildSettings = {
				ASSETCATALOG_COMPILER_APPICON_NAME = AppIcon;
				CODE_SIGN_STYLE = Automatic;
				GCC_PRECOMPILE_PREFIX_HEADER = YES;
				GCC_PREFIX_HEADER = "JuTuanLife/JuTuanLife-Prefix.pch";
				INFOPLIST_FILE = JuTuanLife/Info.plist;
				LD_RUNPATH_SEARCH_PATHS = (
					"$(inherited)",
					"@executable_path/Frameworks",
				);
				PRODUCT_BUNDLE_IDENTIFIER = com.jtlife.jutuan;
				PRODUCT_NAME = "$(TARGET_NAME)";
				TARGETED_DEVICE_FAMILY = "1,2";
			};
			name = Debug;
		};
		60ED763D240EB25B0013CB8C /* Release */ = {
			isa = XCBuildConfiguration;
			baseConfigurationReference = 252ACCD2D3E36346102AC1B4 /* Pods-JuTuanLife.release.xcconfig */;
			buildSettings = {
				ASSETCATALOG_COMPILER_APPICON_NAME = AppIcon;
				CODE_SIGN_STYLE = Automatic;
				GCC_PRECOMPILE_PREFIX_HEADER = YES;
				GCC_PREFIX_HEADER = "JuTuanLife/JuTuanLife-Prefix.pch";
				INFOPLIST_FILE = JuTuanLife/Info.plist;
				LD_RUNPATH_SEARCH_PATHS = (
					"$(inherited)",
					"@executable_path/Frameworks",
				);
				PRODUCT_BUNDLE_IDENTIFIER = com.jtlife.jutuan;
				PRODUCT_NAME = "$(TARGET_NAME)";
				TARGETED_DEVICE_FAMILY = "1,2";
			};
			name = Release;
		};
/* End XCBuildConfiguration section */

/* Begin XCConfigurationList section */
		60ED7620240EB25A0013CB8C /* Build configuration list for PBXProject "JuTuanLife" */ = {
			isa = XCConfigurationList;
			buildConfigurations = (
				60ED7639240EB25B0013CB8C /* Debug */,
				60ED763A240EB25B0013CB8C /* Release */,
			);
			defaultConfigurationIsVisible = 0;
			defaultConfigurationName = Release;
		};
		60ED763B240EB25B0013CB8C /* Build configuration list for PBXNativeTarget "JuTuanLife" */ = {
			isa = XCConfigurationList;
			buildConfigurations = (
				60ED763C240EB25B0013CB8C /* Debug */,
				60ED763D240EB25B0013CB8C /* Release */,
			);
			defaultConfigurationIsVisible = 0;
			defaultConfigurationName = Release;
		};
/* End XCConfigurationList section */
	};
	rootObject = 60ED761D240EB25A0013CB8C /* Project object */;
}
